// !$*UTF8*$!
{
	archiveVersion = 1;
	classes = {
	};
	objectVersion = 56;
	objects = {

/* Begin PBXBuildFile section */
		SC0000020000000000000001 /* ServiceContainer.swift in Sources */ = {isa = PBXBuildFile; fileRef = SC0000010000000000000001 /* ServiceContainer.swift */; };
		SP0000020000000000000001 /* ServiceProtocols.swift in Sources */ = {isa = PBXBuildFile; fileRef = SP0000010000000000000001 /* ServiceProtocols.swift */; };
		0730A3B97A55099DE06BB3A4 /* Foundation.framework in Frameworks */ = {isa = PBXBuildFile; fileRef = 51A2B70D95BD35EE7CE38665 /* Foundation.framework */; };
		0B21A395DAC0A352C98340AD /* GoalsTests.swift in Sources */ = {isa = PBXBuildFile; fileRef = 11B72E6D6BDC5A74372822CE /* GoalsTests.swift */; };
		13AAA29D3391452E7DCA5A2C /* ChloeViewModifiers.swift in Sources */ = {isa = PBXBuildFile; fileRef = 458E57E6C9CC6C99B2E71A2D /* ChloeViewModifiers.swift */; };
		151900B32794215F9A9B6E5A /* StreakService.swift in Sources */ = {isa = PBXBuildFile; fileRef = A174B26D7E896B09C9D56F71 /* StreakService.swift */; };
		1D2E24F6A9FCE4A3C4CE7CD6 /* SafetyTests.swift in Sources */ = {isa = PBXBuildFile; fileRef = 691088B00C01ED309816D67B /* SafetyTests.swift */; };
		35B2F1331062D827771ADA81 /* PasswordResetView.swift in Sources */ = {isa = PBXBuildFile; fileRef = FF899EC08EB9BF6F2427726E /* PasswordResetView.swift */; };
		3EF786585C46034254C21D71 /* DailyUsage.swift in Sources */ = {isa = PBXBuildFile; fileRef = B8B72291CB2B25437CC979C4 /* DailyUsage.swift */; };
		3F1056A9D3B58B1F800A7E17 /* RouterModels.swift in Sources */ = {isa = PBXBuildFile; fileRef = C4DF9A3F95ADE9B8CAC88DA2 /* RouterModels.swift */; };
		43FC4B86A01BB60E9D3A61EE /* OnboardingTests.swift in Sources */ = {isa = PBXBuildFile; fileRef = 9334322B3F9AB6B36E5E83D2 /* OnboardingTests.swift */; };
		7B5C6061C58C58644E1ADD3F /* TestHelpers.swift in Sources */ = {isa = PBXBuildFile; fileRef = AF08D9DC14B5BC2B0F70D79E /* TestHelpers.swift */; };
		8E2FBEDE9E149919CA704D01 /* JournalTests.swift in Sources */ = {isa = PBXBuildFile; fileRef = 4C9E9EFD831A08021FF5E4BB /* JournalTests.swift */; };
		8E3D83A5B652B8DED38B2FC3 /* ChloeFloatingActionButton.swift in Sources */ = {isa = PBXBuildFile; fileRef = BA5DAFF02E46B79A5EABE633 /* ChloeFloatingActionButton.swift */; };
		90C3CBE435FAA7DCD942145D /* ChloeEmptyState.swift in Sources */ = {isa = PBXBuildFile; fileRef = D43EE6EBAC2A490942E57A64 /* ChloeEmptyState.swift */; };
		E1A2B3C4D5E6F70800112233 /* EmptyStateView.swift in Sources */ = {isa = PBXBuildFile; fileRef = E1A2B3C4D5E6F70800112234 /* EmptyStateView.swift */; };
		9BBEC161B700F341AD344FC6 /* EmailConfirmationView.swift in Sources */ = {isa = PBXBuildFile; fileRef = 7D623CEA22CB36B5ED4A247C /* EmailConfirmationView.swift */; };
		9BBEC162B700F342AD344FC7 /* NewPasswordView.swift in Sources */ = {isa = PBXBuildFile; fileRef = 7D623CEB22CB36B6ED4A247D /* NewPasswordView.swift */; };
		A10000010000000000000001 /* ChloeApp.swift in Sources */ = {isa = PBXBuildFile; fileRef = A20000010000000000000001 /* ChloeApp.swift */; };
		A10000020000000000000001 /* ContentView.swift in Sources */ = {isa = PBXBuildFile; fileRef = A20000020000000000000001 /* ContentView.swift */; };
		A10000030000000000000001 /* Assets.xcassets in Resources */ = {isa = PBXBuildFile; fileRef = A20000030000000000000001 /* Assets.xcassets */; };
		A10000050000000000000001 /* Colors.swift in Sources */ = {isa = PBXBuildFile; fileRef = A20000050000000000000001 /* Colors.swift */; };
		A10000060000000000000001 /* Fonts.swift in Sources */ = {isa = PBXBuildFile; fileRef = A20000060000000000000001 /* Fonts.swift */; };
		A10000070000000000000001 /* Spacing.swift in Sources */ = {isa = PBXBuildFile; fileRef = A20000070000000000000001 /* Spacing.swift */; };
		A10000080000000000000001 /* Color+Theme.swift in Sources */ = {isa = PBXBuildFile; fileRef = A20000080000000000000001 /* Color+Theme.swift */; };
		A10000090000000000000001 /* Date+Formatting.swift in Sources */ = {isa = PBXBuildFile; fileRef = A20000090000000000000001 /* Date+Formatting.swift */; };
		A10000100000000000000001 /* String+Utils.swift in Sources */ = {isa = PBXBuildFile; fileRef = A20000100000000000000001 /* String+Utils.swift */; };
		A10000110000000000000001 /* Profile.swift in Sources */ = {isa = PBXBuildFile; fileRef = A20000110000000000000001 /* Profile.swift */; };
		A10000120000000000000001 /* Conversation.swift in Sources */ = {isa = PBXBuildFile; fileRef = A20000120000000000000001 /* Conversation.swift */; };
		A10000130000000000000001 /* Message.swift in Sources */ = {isa = PBXBuildFile; fileRef = A20000130000000000000001 /* Message.swift */; };
		A10000140000000000000001 /* JournalEntry.swift in Sources */ = {isa = PBXBuildFile; fileRef = A20000140000000000000001 /* JournalEntry.swift */; };
		A10000150000000000000001 /* Goal.swift in Sources */ = {isa = PBXBuildFile; fileRef = A20000150000000000000001 /* Goal.swift */; };
		A10000160000000000000001 /* Affirmation.swift in Sources */ = {isa = PBXBuildFile; fileRef = A20000160000000000000001 /* Affirmation.swift */; };
		A10000170000000000000001 /* VisionItem.swift in Sources */ = {isa = PBXBuildFile; fileRef = A20000170000000000000001 /* VisionItem.swift */; };
		A10000180000000000000001 /* OnboardingPreferences.swift in Sources */ = {isa = PBXBuildFile; fileRef = A20000180000000000000001 /* OnboardingPreferences.swift */; };
		A10000190000000000000001 /* Archetype.swift in Sources */ = {isa = PBXBuildFile; fileRef = A20000190000000000000001 /* Archetype.swift */; };
		A10000200000000000000001 /* GeminiService.swift in Sources */ = {isa = PBXBuildFile; fileRef = A20000200000000000000001 /* GeminiService.swift */; };
		A10000210000000000000001 /* StorageService.swift in Sources */ = {isa = PBXBuildFile; fileRef = A20000210000000000000001 /* StorageService.swift */; };
		A10000220000000000000001 /* ArchetypeService.swift in Sources */ = {isa = PBXBuildFile; fileRef = A20000220000000000000001 /* ArchetypeService.swift */; };
		A10000230000000000000001 /* SafetyService.swift in Sources */ = {isa = PBXBuildFile; fileRef = A20000230000000000000001 /* SafetyService.swift */; };
		A10000240000000000000001 /* AnalystService.swift in Sources */ = {isa = PBXBuildFile; fileRef = A20000240000000000000001 /* AnalystService.swift */; };
		A10000250000000000000001 /* AuthViewModel.swift in Sources */ = {isa = PBXBuildFile; fileRef = A20000250000000000000001 /* AuthViewModel.swift */; };
		A10000260000000000000001 /* OnboardingViewModel.swift in Sources */ = {isa = PBXBuildFile; fileRef = A20000260000000000000001 /* OnboardingViewModel.swift */; };
		A10000270000000000000001 /* ChatViewModel.swift in Sources */ = {isa = PBXBuildFile; fileRef = A20000270000000000000001 /* ChatViewModel.swift */; };
		A10000280000000000000001 /* JournalViewModel.swift in Sources */ = {isa = PBXBuildFile; fileRef = A20000280000000000000001 /* JournalViewModel.swift */; };
		A10000290000000000000001 /* GoalsViewModel.swift in Sources */ = {isa = PBXBuildFile; fileRef = A20000290000000000000001 /* GoalsViewModel.swift */; };
		A10000300000000000000001 /* VisionBoardViewModel.swift in Sources */ = {isa = PBXBuildFile; fileRef = A20000300000000000000001 /* VisionBoardViewModel.swift */; };
		A10000310000000000000001 /* AffirmationsViewModel.swift in Sources */ = {isa = PBXBuildFile; fileRef = A20000310000000000000001 /* AffirmationsViewModel.swift */; };
		A10000320000000000000001 /* SanctuaryViewModel.swift in Sources */ = {isa = PBXBuildFile; fileRef = A20000320000000000000001 /* SanctuaryViewModel.swift */; };
		A10000330000000000000001 /* EmailLoginView.swift in Sources */ = {isa = PBXBuildFile; fileRef = A20000330000000000000001 /* EmailLoginView.swift */; };
		A10000340000000000000001 /* OnboardingContainerView.swift in Sources */ = {isa = PBXBuildFile; fileRef = A20000340000000000000001 /* OnboardingContainerView.swift */; };
		A10000350000000000000001 /* NameStepView.swift in Sources */ = {isa = PBXBuildFile; fileRef = A20000350000000000000001 /* NameStepView.swift */; };
		A10000410000000000000001 /* ArchetypeQuizView.swift in Sources */ = {isa = PBXBuildFile; fileRef = A20000410000000000000001 /* ArchetypeQuizView.swift */; };
		A10000420000000000000001 /* OnboardingCompleteView.swift in Sources */ = {isa = PBXBuildFile; fileRef = A20000420000000000000001 /* OnboardingCompleteView.swift */; };
		A10000460000000000000001 /* JournalView.swift in Sources */ = {isa = PBXBuildFile; fileRef = A20000460000000000000001 /* JournalView.swift */; };
		A10000470000000000000001 /* GoalsView.swift in Sources */ = {isa = PBXBuildFile; fileRef = A20000470000000000000001 /* GoalsView.swift */; };
		A10000480000000000000001 /* VisionBoardView.swift in Sources */ = {isa = PBXBuildFile; fileRef = A20000480000000000000001 /* VisionBoardView.swift */; };
		A10000490000000000000001 /* AffirmationsView.swift in Sources */ = {isa = PBXBuildFile; fileRef = A20000490000000000000001 /* AffirmationsView.swift */; };
		A10000500000000000000001 /* SettingsView.swift in Sources */ = {isa = PBXBuildFile; fileRef = A20000500000000000000001 /* SettingsView.swift */; };
		A10000520000000000000001 /* ChatBubble.swift in Sources */ = {isa = PBXBuildFile; fileRef = A20000520000000000000001 /* ChatBubble.swift */; };
		A10000530000000000000001 /* ChatInputBar.swift in Sources */ = {isa = PBXBuildFile; fileRef = A20000530000000000000001 /* ChatInputBar.swift */; };
		A10000540000000000000001 /* TypingIndicator.swift in Sources */ = {isa = PBXBuildFile; fileRef = A20000540000000000000001 /* TypingIndicator.swift */; };
		A10000550000000000000001 /* ChloeAvatar.swift in Sources */ = {isa = PBXBuildFile; fileRef = A20000550000000000000001 /* ChloeAvatar.swift */; };
		A10000570000000000000001 /* GradientBackground.swift in Sources */ = {isa = PBXBuildFile; fileRef = A20000570000000000000001 /* GradientBackground.swift */; };
		A10000580000000000000001 /* DisclaimerText.swift in Sources */ = {isa = PBXBuildFile; fileRef = A20000580000000000000001 /* DisclaimerText.swift */; };
		A10000590000000000000001 /* Prompts.swift in Sources */ = {isa = PBXBuildFile; fileRef = A20000590000000000000001 /* Prompts.swift */; };
		A10000600000000000000001 /* CrisisResponses.swift in Sources */ = {isa = PBXBuildFile; fileRef = A20000600000000000000001 /* CrisisResponses.swift */; };
		A10000610000000000000001 /* UIImage+Downsampling.swift in Sources */ = {isa = PBXBuildFile; fileRef = A20000610000000000000001 /* UIImage+Downsampling.swift */; };
		AECA7DBBAEBBAA31B3AC2A3C /* RateLimitTests.swift in Sources */ = {isa = PBXBuildFile; fileRef = C5ED54293ECCDC6658CA097B /* RateLimitTests.swift */; };
		B17CE75363D09820CF922A4E /* EdgeCaseTests.swift in Sources */ = {isa = PBXBuildFile; fileRef = 124F9265E9406FE5C82DEA12 /* EdgeCaseTests.swift */; };
		B1B0BC73FECF454521A45C59 /* NotificationService.swift in Sources */ = {isa = PBXBuildFile; fileRef = 74CE56D38B6D47E52BFB444E /* NotificationService.swift */; };
		B3C097B384F28B7455735585 /* VisionBoardTests.swift in Sources */ = {isa = PBXBuildFile; fileRef = 9802012D4326DE50975347EA /* VisionBoardTests.swift */; };
		B95D54A9FAB2885D920CBFD0 /* GlowUpStreak.swift in Sources */ = {isa = PBXBuildFile; fileRef = 6E0D67819E2FDC56855D65EC /* GlowUpStreak.swift */; };
		C0457D63F55A6FE260BAA7AD /* SidebarTests.swift in Sources */ = {isa = PBXBuildFile; fileRef = 177002C5E96240F457D7325D /* SidebarTests.swift */; };
		C10000010000000000000001 /* Lottie in Frameworks */ = {isa = PBXBuildFile; productRef = C20000010000000000000001 /* Lottie */; };
		C10000020000000000000001 /* Kingfisher in Frameworks */ = {isa = PBXBuildFile; productRef = C20000020000000000000001 /* Kingfisher */; };
		C10000030000000000000001 /* ExyteChat in Frameworks */ = {isa = PBXBuildFile; productRef = C20000030000000000000001 /* ExyteChat */; };
		C10000040000000000000001 /* ConfettiSwiftUI in Frameworks */ = {isa = PBXBuildFile; productRef = C20000040000000000000001 /* ConfettiSwiftUI */; };
		C10000050000000000000001 /* MarkdownUI in Frameworks */ = {isa = PBXBuildFile; productRef = C20000050000000000000001 /* MarkdownUI */; };
		C10000060000000000000001 /* TelemetryDeck in Frameworks */ = {isa = PBXBuildFile; productRef = C20000060000000000000001 /* TelemetryDeck */; };
		C10000070000000000000001 /* Supabase in Frameworks */ = {isa = PBXBuildFile; productRef = C20000070000000000000001 /* Supabase */; };
		C464FDAB03F70B178380EBD1 /* AuthenticationTests.swift in Sources */ = {isa = PBXBuildFile; fileRef = A0BD0D2B73E2D62ECCD08558 /* AuthenticationTests.swift */; };
		D0E52CD83052CD555F60F060 /* SettingsTests.swift in Sources */ = {isa = PBXBuildFile; fileRef = 54768EC816361B0EF9A9C3D2 /* SettingsTests.swift */; };
		D30000010000000000000001 /* SupabaseClient.swift in Sources */ = {isa = PBXBuildFile; fileRef = D20000010000000000000001 /* SupabaseClient.swift */; };
		D6ABB5378B84FB53F4E76EBA /* UITestSupport.swift in Sources */ = {isa = PBXBuildFile; fileRef = FE802F7583970BBCFC8559DB /* UITestSupport.swift */; };
		D9BA7887167B4B49328DEA74 /* StrategyOptionsView.swift in Sources */ = {isa = PBXBuildFile; fileRef = 902324AB633D17FC0C08036A /* StrategyOptionsView.swift */; };
		E30000010000000000000001 /* NetworkMonitor.swift in Sources */ = {isa = PBXBuildFile; fileRef = D30000020000000000000001 /* NetworkMonitor.swift */; };
		E30000020000000000000001 /* SupabaseDataService.swift in Sources */ = {isa = PBXBuildFile; fileRef = D30000030000000000000001 /* SupabaseDataService.swift */; };
		E30000030000000000000001 /* SyncDataService.swift in Sources */ = {isa = PBXBuildFile; fileRef = D30000040000000000000001 /* SyncDataService.swift */; };
		EDB24DC0B63CEB87B91BA70B /* SanctuaryTests.swift in Sources */ = {isa = PBXBuildFile; fileRef = F955E1ED52B5C3637CD25E60 /* SanctuaryTests.swift */; };
		F10000010000000000000001 /* CameraPickerView.swift in Sources */ = {isa = PBXBuildFile; fileRef = F20000010000000000000001 /* CameraPickerView.swift */; };
		F10000020000000000000001 /* ChloeButtonLabel.swift in Sources */ = {isa = PBXBuildFile; fileRef = F20000020000000000000001 /* ChloeButtonLabel.swift */; };
		F10000020000000000000099 /* BentoGridCard.swift in Sources */ = {isa = PBXBuildFile; fileRef = F20000020000000000000099 /* BentoGridCard.swift */; };
		SB0000010000000000000001 /* SyncStatusBadge.swift in Sources */ = {isa = PBXBuildFile; fileRef = SB0000020000000000000001 /* SyncStatusBadge.swift */; };
		F10000040000000000000001 /* LuminousOrb.swift in Sources */ = {isa = PBXBuildFile; fileRef = F20000040000000000000001 /* LuminousOrb.swift */; };
		F10000050000000000000001 /* OrbStardustEmitter.swift in Sources */ = {isa = PBXBuildFile; fileRef = F20000050000000000000001 /* OrbStardustEmitter.swift */; };
		F10000060000000000000001 /* PlusBloomMenu.swift in Sources */ = {isa = PBXBuildFile; fileRef = F20000060000000000000001 /* PlusBloomMenu.swift */; };
		F10000070000000000000001 /* PressableButtonStyle.swift in Sources */ = {isa = PBXBuildFile; fileRef = F20000070000000000000001 /* PressableButtonStyle.swift */; };
		F10000090000000000000001 /* ShimmerTextModifier.swift in Sources */ = {isa = PBXBuildFile; fileRef = F20000090000000000000001 /* ShimmerTextModifier.swift */; };
		F10000110000000000000001 /* AddVisionSheet.swift in Sources */ = {isa = PBXBuildFile; fileRef = F20000110000000000000001 /* AddVisionSheet.swift */; };
		F10000120000000000000001 /* HistoryView.swift in Sources */ = {isa = PBXBuildFile; fileRef = F20000120000000000000001 /* HistoryView.swift */; };
		F10000130000000000000001 /* JournalDetailView.swift in Sources */ = {isa = PBXBuildFile; fileRef = F20000130000000000000001 /* JournalDetailView.swift */; };
		F10000140000000000000001 /* JournalEntryEditorView.swift in Sources */ = {isa = PBXBuildFile; fileRef = F20000140000000000000001 /* JournalEntryEditorView.swift */; };
		F10000150000000000000001 /* SanctuaryView.swift in Sources */ = {isa = PBXBuildFile; fileRef = F20000150000000000000001 /* SanctuaryView.swift */; };
		F10000160000000000000001 /* SidebarView.swift in Sources */ = {isa = PBXBuildFile; fileRef = F20000160000000000000001 /* SidebarView.swift */; };
		F10000170000000000000001 /* WelcomeIntroView.swift in Sources */ = {isa = PBXBuildFile; fileRef = F20000170000000000000001 /* WelcomeIntroView.swift */; };
		F10000180000000000000001 /* OnboardingCard.swift in Sources */ = {isa = PBXBuildFile; fileRef = F20000180000000000000001 /* OnboardingCard.swift */; };
		F10000210000000000000001 /* TenorSans-Regular.ttf in Resources */ = {isa = PBXBuildFile; fileRef = F20000210000000000000001 /* TenorSans-Regular.ttf */; };
		F10000220000000000000001 /* Cinzel-Regular.ttf in Resources */ = {isa = PBXBuildFile; fileRef = F20000220000000000000001 /* Cinzel-Regular.ttf */; };
		F10000230000000000000001 /* CormorantGaramond-BoldItalic.ttf in Resources */ = {isa = PBXBuildFile; fileRef = F20000230000000000000001 /* CormorantGaramond-BoldItalic.ttf */; };
		F10000240000000000000001 /* EtherealDustParticles.swift in Sources */ = {isa = PBXBuildFile; fileRef = F20000240000000000000001 /* EtherealDustParticles.swift */; };
		F10000260000000000000001 /* FlowLayout.swift in Sources */ = {isa = PBXBuildFile; fileRef = F20000260000000000000001 /* FlowLayout.swift */; };
		F10000280000000000000001 /* PlayfairDisplay-Italic-VF.ttf in Resources */ = {isa = PBXBuildFile; fileRef = F20000280000000000000001 /* PlayfairDisplay-Italic-VF.ttf */; };
		F10000290000000000000001 /* NotificationPrimingView.swift in Sources */ = {isa = PBXBuildFile; fileRef = F20000290000000000000001 /* NotificationPrimingView.swift */; };
		F10000300000000000000001 /* AuthService.swift in Sources */ = {isa = PBXBuildFile; fileRef = F20000300000000000000001 /* AuthService.swift */; };
		FB0000020000000000000001 /* Feedback.swift in Sources */ = {isa = PBXBuildFile; fileRef = FB0000010000000000000001 /* Feedback.swift */; };
		FB0000040000000000000001 /* FeedbackService.swift in Sources */ = {isa = PBXBuildFile; fileRef = FB0000030000000000000001 /* FeedbackService.swift */; };
		PK0000020000000000000001 /* PortkeyService.swift in Sources */ = {isa = PBXBuildFile; fileRef = PK0000010000000000000001 /* PortkeyService.swift */; };
		RS0000020000000000000001 /* ReportSheet.swift in Sources */ = {isa = PBXBuildFile; fileRef = RS0000010000000000000001 /* ReportSheet.swift */; };
		T10000010000000000000001 /* SafetyServiceTests.swift in Sources */ = {isa = PBXBuildFile; fileRef = T20000010000000000000001 /* SafetyServiceTests.swift */; };
		T10000020000000000000001 /* PromptBuilderTests.swift in Sources */ = {isa = PBXBuildFile; fileRef = T20000020000000000000001 /* PromptBuilderTests.swift */; };
		T10000030000000000000001 /* AnalystServiceTests.swift in Sources */ = {isa = PBXBuildFile; fileRef = T20000030000000000000001 /* AnalystServiceTests.swift */; };
		T10000040000000000000001 /* StorageServiceTests.swift in Sources */ = {isa = PBXBuildFile; fileRef = T20000040000000000000001 /* StorageServiceTests.swift */; };
		T10000050000000000000001 /* StreakServiceTests.swift in Sources */ = {isa = PBXBuildFile; fileRef = T20000050000000000000001 /* StreakServiceTests.swift */; };
		T10000060000000000000001 /* InsightQueueTests.swift in Sources */ = {isa = PBXBuildFile; fileRef = T20000060000000000000001 /* InsightQueueTests.swift */; };
		T10000070000000000000001 /* CrisisResponseTests.swift in Sources */ = {isa = PBXBuildFile; fileRef = T20000070000000000000001 /* CrisisResponseTests.swift */; };
		T10000080000000000000001 /* DailyUsageTests.swift in Sources */ = {isa = PBXBuildFile; fileRef = T20000080000000000000001 /* DailyUsageTests.swift */; };
		T10000090000000000000001 /* V2AgenticTests.swift in Sources */ = {isa = PBXBuildFile; fileRef = T20000090000000000000001 /* V2AgenticTests.swift */; };
		T10000100000000000000001 /* AuthViewModelTests.swift in Sources */ = {isa = PBXBuildFile; fileRef = T20000100000000000000001 /* AuthViewModelTests.swift */; };
		UI00000100000000000000A1 /* AffirmationsTests.swift in Sources */ = {isa = PBXBuildFile; fileRef = UI00000200000000000000A1 /* AffirmationsTests.swift */; };
		UI00000100000000000000B1 /* ConversationHistoryTests.swift in Sources */ = {isa = PBXBuildFile; fileRef = UI00000200000000000000B1 /* ConversationHistoryTests.swift */; };
		UI00000100000000000000C1 /* DynamicTypeTests.swift in Sources */ = {isa = PBXBuildFile; fileRef = UI00000200000000000000C1 /* DynamicTypeTests.swift */; };
		UI00000100000000000000D1 /* ImageUploadTests.swift in Sources */ = {isa = PBXBuildFile; fileRef = UI00000200000000000000D1 /* ImageUploadTests.swift */; };
		UI00000100000000000000E1 /* StreakUITests.swift in Sources */ = {isa = PBXBuildFile; fileRef = UI00000200000000000000E1 /* StreakUITests.swift */; };
/* End PBXBuildFile section */

/* Begin PBXContainerItemProxy section */
		B3E40F6D217715CF147C62DE /* PBXContainerItemProxy */ = {
			isa = PBXContainerItemProxy;
			containerPortal = A90000010000000000000001 /* Project object */;
			proxyType = 1;
			remoteGlobalIDString = A60000010000000000000001;
			remoteInfo = ChloeApp;
		};
		TC0000010000000000000001 /* PBXContainerItemProxy */ = {
			isa = PBXContainerItemProxy;
			containerPortal = A90000010000000000000001 /* Project object */;
			proxyType = 1;
			remoteGlobalIDString = A60000010000000000000001;
			remoteInfo = ChloeApp;
		};
/* End PBXContainerItemProxy section */

/* Begin PBXFileReference section */
		11B72E6D6BDC5A74372822CE /* GoalsTests.swift */ = {isa = PBXFileReference; includeInIndex = 1; lastKnownFileType = sourcecode.swift; path = GoalsTests.swift; sourceTree = "<group>"; };
		124F9265E9406FE5C82DEA12 /* EdgeCaseTests.swift */ = {isa = PBXFileReference; includeInIndex = 1; lastKnownFileType = sourcecode.swift; path = EdgeCaseTests.swift; sourceTree = "<group>"; };
		177002C5E96240F457D7325D /* SidebarTests.swift */ = {isa = PBXFileReference; includeInIndex = 1; lastKnownFileType = sourcecode.swift; path = SidebarTests.swift; sourceTree = "<group>"; };
		24071DA765FF3264148A32F9 /* ChloeAppUITests.xctest */ = {isa = PBXFileReference; explicitFileType = wrapper.cfbundle; includeInIndex = 0; path = ChloeAppUITests.xctest; sourceTree = BUILT_PRODUCTS_DIR; };
		458E57E6C9CC6C99B2E71A2D /* ChloeViewModifiers.swift */ = {isa = PBXFileReference; includeInIndex = 1; lastKnownFileType = sourcecode.swift; path = ChloeApp/Theme/ChloeViewModifiers.swift; sourceTree = SOURCE_ROOT; };
		4C9E9EFD831A08021FF5E4BB /* JournalTests.swift */ = {isa = PBXFileReference; includeInIndex = 1; lastKnownFileType = sourcecode.swift; path = JournalTests.swift; sourceTree = "<group>"; };
		51A2B70D95BD35EE7CE38665 /* Foundation.framework */ = {isa = PBXFileReference; lastKnownFileType = wrapper.framework; name = Foundation.framework; path = Platforms/iPhoneOS.platform/Developer/SDKs/iPhoneOS18.0.sdk/System/Library/Frameworks/Foundation.framework; sourceTree = DEVELOPER_DIR; };
		54768EC816361B0EF9A9C3D2 /* SettingsTests.swift */ = {isa = PBXFileReference; includeInIndex = 1; lastKnownFileType = sourcecode.swift; path = SettingsTests.swift; sourceTree = "<group>"; };
		691088B00C01ED309816D67B /* SafetyTests.swift */ = {isa = PBXFileReference; includeInIndex = 1; lastKnownFileType = sourcecode.swift; path = SafetyTests.swift; sourceTree = "<group>"; };
		6E0D67819E2FDC56855D65EC /* GlowUpStreak.swift */ = {isa = PBXFileReference; includeInIndex = 1; lastKnownFileType = sourcecode.swift; path = GlowUpStreak.swift; sourceTree = "<group>"; };
		745972C67FB22635AD74B1D1 /* Info.plist */ = {isa = PBXFileReference; includeInIndex = 1; lastKnownFileType = text.plist.xml; path = Info.plist; sourceTree = "<group>"; };
		74CE56D38B6D47E52BFB444E /* NotificationService.swift */ = {isa = PBXFileReference; includeInIndex = 1; lastKnownFileType = sourcecode.swift; path = NotificationService.swift; sourceTree = "<group>"; };
		7D623CEA22CB36B5ED4A247C /* EmailConfirmationView.swift */ = {isa = PBXFileReference; includeInIndex = 1; lastKnownFileType = sourcecode.swift; path = EmailConfirmationView.swift; sourceTree = "<group>"; };
		7D623CEB22CB36B6ED4A247D /* NewPasswordView.swift */ = {isa = PBXFileReference; includeInIndex = 1; lastKnownFileType = sourcecode.swift; path = NewPasswordView.swift; sourceTree = "<group>"; };
		902324AB633D17FC0C08036A /* StrategyOptionsView.swift */ = {isa = PBXFileReference; includeInIndex = 1; lastKnownFileType = sourcecode.swift; path = StrategyOptionsView.swift; sourceTree = "<group>"; };
		9334322B3F9AB6B36E5E83D2 /* OnboardingTests.swift */ = {isa = PBXFileReference; includeInIndex = 1; lastKnownFileType = sourcecode.swift; path = OnboardingTests.swift; sourceTree = "<group>"; };
		9802012D4326DE50975347EA /* VisionBoardTests.swift */ = {isa = PBXFileReference; includeInIndex = 1; lastKnownFileType = sourcecode.swift; path = VisionBoardTests.swift; sourceTree = "<group>"; };
		A0BD0D2B73E2D62ECCD08558 /* AuthenticationTests.swift */ = {isa = PBXFileReference; includeInIndex = 1; lastKnownFileType = sourcecode.swift; path = AuthenticationTests.swift; sourceTree = "<group>"; };
		A174B26D7E896B09C9D56F71 /* StreakService.swift */ = {isa = PBXFileReference; includeInIndex = 1; lastKnownFileType = sourcecode.swift; path = StreakService.swift; sourceTree = "<group>"; };
		A20000010000000000000001 /* ChloeApp.swift */ = {isa = PBXFileReference; lastKnownFileType = sourcecode.swift; path = ChloeApp.swift; sourceTree = "<group>"; };
		A20000020000000000000001 /* ContentView.swift */ = {isa = PBXFileReference; lastKnownFileType = sourcecode.swift; path = ContentView.swift; sourceTree = "<group>"; };
		A20000030000000000000001 /* Assets.xcassets */ = {isa = PBXFileReference; lastKnownFileType = folder.assetcatalog; path = Assets.xcassets; sourceTree = "<group>"; };
		A20000040000000000000001 /* Info.plist */ = {isa = PBXFileReference; lastKnownFileType = text.plist.xml; path = Info.plist; sourceTree = "<group>"; };
		A20000050000000000000001 /* Colors.swift */ = {isa = PBXFileReference; lastKnownFileType = sourcecode.swift; path = Colors.swift; sourceTree = "<group>"; };
		A20000060000000000000001 /* Fonts.swift */ = {isa = PBXFileReference; lastKnownFileType = sourcecode.swift; path = Fonts.swift; sourceTree = "<group>"; };
		A20000070000000000000001 /* Spacing.swift */ = {isa = PBXFileReference; lastKnownFileType = sourcecode.swift; path = Spacing.swift; sourceTree = "<group>"; };
		A20000080000000000000001 /* Color+Theme.swift */ = {isa = PBXFileReference; lastKnownFileType = sourcecode.swift; path = "Color+Theme.swift"; sourceTree = "<group>"; };
		A20000090000000000000001 /* Date+Formatting.swift */ = {isa = PBXFileReference; lastKnownFileType = sourcecode.swift; path = "Date+Formatting.swift"; sourceTree = "<group>"; };
		A20000100000000000000001 /* String+Utils.swift */ = {isa = PBXFileReference; lastKnownFileType = sourcecode.swift; path = "String+Utils.swift"; sourceTree = "<group>"; };
		A20000110000000000000001 /* Profile.swift */ = {isa = PBXFileReference; lastKnownFileType = sourcecode.swift; path = Profile.swift; sourceTree = "<group>"; };
		A20000120000000000000001 /* Conversation.swift */ = {isa = PBXFileReference; lastKnownFileType = sourcecode.swift; path = Conversation.swift; sourceTree = "<group>"; };
		A20000130000000000000001 /* Message.swift */ = {isa = PBXFileReference; lastKnownFileType = sourcecode.swift; path = Message.swift; sourceTree = "<group>"; };
		A20000140000000000000001 /* JournalEntry.swift */ = {isa = PBXFileReference; lastKnownFileType = sourcecode.swift; path = JournalEntry.swift; sourceTree = "<group>"; };
		A20000150000000000000001 /* Goal.swift */ = {isa = PBXFileReference; lastKnownFileType = sourcecode.swift; path = Goal.swift; sourceTree = "<group>"; };
		A20000160000000000000001 /* Affirmation.swift */ = {isa = PBXFileReference; lastKnownFileType = sourcecode.swift; path = Affirmation.swift; sourceTree = "<group>"; };
		A20000170000000000000001 /* VisionItem.swift */ = {isa = PBXFileReference; lastKnownFileType = sourcecode.swift; path = VisionItem.swift; sourceTree = "<group>"; };
		A20000180000000000000001 /* OnboardingPreferences.swift */ = {isa = PBXFileReference; lastKnownFileType = sourcecode.swift; path = OnboardingPreferences.swift; sourceTree = "<group>"; };
		A20000190000000000000001 /* Archetype.swift */ = {isa = PBXFileReference; lastKnownFileType = sourcecode.swift; path = Archetype.swift; sourceTree = "<group>"; };
		A20000200000000000000001 /* GeminiService.swift */ = {isa = PBXFileReference; lastKnownFileType = sourcecode.swift; path = GeminiService.swift; sourceTree = "<group>"; };
		A20000210000000000000001 /* StorageService.swift */ = {isa = PBXFileReference; lastKnownFileType = sourcecode.swift; path = StorageService.swift; sourceTree = "<group>"; };
		A20000220000000000000001 /* ArchetypeService.swift */ = {isa = PBXFileReference; lastKnownFileType = sourcecode.swift; path = ArchetypeService.swift; sourceTree = "<group>"; };
		A20000230000000000000001 /* SafetyService.swift */ = {isa = PBXFileReference; lastKnownFileType = sourcecode.swift; path = SafetyService.swift; sourceTree = "<group>"; };
		A20000240000000000000001 /* AnalystService.swift */ = {isa = PBXFileReference; lastKnownFileType = sourcecode.swift; path = AnalystService.swift; sourceTree = "<group>"; };
		A20000250000000000000001 /* AuthViewModel.swift */ = {isa = PBXFileReference; lastKnownFileType = sourcecode.swift; path = AuthViewModel.swift; sourceTree = "<group>"; };
		A20000260000000000000001 /* OnboardingViewModel.swift */ = {isa = PBXFileReference; lastKnownFileType = sourcecode.swift; path = OnboardingViewModel.swift; sourceTree = "<group>"; };
		A20000270000000000000001 /* ChatViewModel.swift */ = {isa = PBXFileReference; lastKnownFileType = sourcecode.swift; path = ChatViewModel.swift; sourceTree = "<group>"; };
		A20000280000000000000001 /* JournalViewModel.swift */ = {isa = PBXFileReference; lastKnownFileType = sourcecode.swift; path = JournalViewModel.swift; sourceTree = "<group>"; };
		A20000290000000000000001 /* GoalsViewModel.swift */ = {isa = PBXFileReference; lastKnownFileType = sourcecode.swift; path = GoalsViewModel.swift; sourceTree = "<group>"; };
		A20000300000000000000001 /* VisionBoardViewModel.swift */ = {isa = PBXFileReference; lastKnownFileType = sourcecode.swift; path = VisionBoardViewModel.swift; sourceTree = "<group>"; };
		A20000310000000000000001 /* AffirmationsViewModel.swift */ = {isa = PBXFileReference; lastKnownFileType = sourcecode.swift; path = AffirmationsViewModel.swift; sourceTree = "<group>"; };
		A20000320000000000000001 /* SanctuaryViewModel.swift */ = {isa = PBXFileReference; lastKnownFileType = sourcecode.swift; path = SanctuaryViewModel.swift; sourceTree = "<group>"; };
		A20000330000000000000001 /* EmailLoginView.swift */ = {isa = PBXFileReference; lastKnownFileType = sourcecode.swift; path = EmailLoginView.swift; sourceTree = "<group>"; };
		A20000340000000000000001 /* OnboardingContainerView.swift */ = {isa = PBXFileReference; lastKnownFileType = sourcecode.swift; path = OnboardingContainerView.swift; sourceTree = "<group>"; };
		A20000350000000000000001 /* NameStepView.swift */ = {isa = PBXFileReference; lastKnownFileType = sourcecode.swift; path = NameStepView.swift; sourceTree = "<group>"; };
		A20000410000000000000001 /* ArchetypeQuizView.swift */ = {isa = PBXFileReference; lastKnownFileType = sourcecode.swift; path = ArchetypeQuizView.swift; sourceTree = "<group>"; };
		A20000420000000000000001 /* OnboardingCompleteView.swift */ = {isa = PBXFileReference; lastKnownFileType = sourcecode.swift; path = OnboardingCompleteView.swift; sourceTree = "<group>"; };
		A20000460000000000000001 /* JournalView.swift */ = {isa = PBXFileReference; lastKnownFileType = sourcecode.swift; path = JournalView.swift; sourceTree = "<group>"; };
		A20000470000000000000001 /* GoalsView.swift */ = {isa = PBXFileReference; lastKnownFileType = sourcecode.swift; path = GoalsView.swift; sourceTree = "<group>"; };
		A20000480000000000000001 /* VisionBoardView.swift */ = {isa = PBXFileReference; lastKnownFileType = sourcecode.swift; path = VisionBoardView.swift; sourceTree = "<group>"; };
		A20000490000000000000001 /* AffirmationsView.swift */ = {isa = PBXFileReference; lastKnownFileType = sourcecode.swift; path = AffirmationsView.swift; sourceTree = "<group>"; };
		A20000500000000000000001 /* SettingsView.swift */ = {isa = PBXFileReference; lastKnownFileType = sourcecode.swift; path = SettingsView.swift; sourceTree = "<group>"; };
		A20000520000000000000001 /* ChatBubble.swift */ = {isa = PBXFileReference; lastKnownFileType = sourcecode.swift; path = ChatBubble.swift; sourceTree = "<group>"; };
		A20000530000000000000001 /* ChatInputBar.swift */ = {isa = PBXFileReference; lastKnownFileType = sourcecode.swift; path = ChatInputBar.swift; sourceTree = "<group>"; };
		A20000540000000000000001 /* TypingIndicator.swift */ = {isa = PBXFileReference; lastKnownFileType = sourcecode.swift; path = TypingIndicator.swift; sourceTree = "<group>"; };
		A20000550000000000000001 /* ChloeAvatar.swift */ = {isa = PBXFileReference; lastKnownFileType = sourcecode.swift; path = ChloeAvatar.swift; sourceTree = "<group>"; };
		A20000570000000000000001 /* GradientBackground.swift */ = {isa = PBXFileReference; lastKnownFileType = sourcecode.swift; path = GradientBackground.swift; sourceTree = "<group>"; };
		A20000580000000000000001 /* DisclaimerText.swift */ = {isa = PBXFileReference; lastKnownFileType = sourcecode.swift; path = DisclaimerText.swift; sourceTree = "<group>"; };
		A20000590000000000000001 /* Prompts.swift */ = {isa = PBXFileReference; lastKnownFileType = sourcecode.swift; path = Prompts.swift; sourceTree = "<group>"; };
		A20000600000000000000001 /* CrisisResponses.swift */ = {isa = PBXFileReference; lastKnownFileType = sourcecode.swift; path = CrisisResponses.swift; sourceTree = "<group>"; };
		A20000610000000000000001 /* UIImage+Downsampling.swift */ = {isa = PBXFileReference; lastKnownFileType = sourcecode.swift; path = "UIImage+Downsampling.swift"; sourceTree = "<group>"; };
		A20000650000000000000001 /* Config.xcconfig */ = {isa = PBXFileReference; lastKnownFileType = text.xcconfig; path = Config.xcconfig; sourceTree = "<group>"; };
		A30000010000000000000001 /* ChloeApp.app */ = {isa = PBXFileReference; explicitFileType = wrapper.application; includeInIndex = 0; path = ChloeApp.app; sourceTree = BUILT_PRODUCTS_DIR; };
		AF08D9DC14B5BC2B0F70D79E /* TestHelpers.swift */ = {isa = PBXFileReference; includeInIndex = 1; lastKnownFileType = sourcecode.swift; path = TestHelpers.swift; sourceTree = "<group>"; };
		B8B72291CB2B25437CC979C4 /* DailyUsage.swift */ = {isa = PBXFileReference; includeInIndex = 1; lastKnownFileType = sourcecode.swift; path = DailyUsage.swift; sourceTree = "<group>"; };
		BA5DAFF02E46B79A5EABE633 /* ChloeFloatingActionButton.swift */ = {isa = PBXFileReference; includeInIndex = 1; lastKnownFileType = sourcecode.swift; path = ChloeApp/Views/Components/ChloeFloatingActionButton.swift; sourceTree = SOURCE_ROOT; };
		C4DF9A3F95ADE9B8CAC88DA2 /* RouterModels.swift */ = {isa = PBXFileReference; includeInIndex = 1; lastKnownFileType = sourcecode.swift; path = RouterModels.swift; sourceTree = "<group>"; };
		C5ED54293ECCDC6658CA097B /* RateLimitTests.swift */ = {isa = PBXFileReference; includeInIndex = 1; lastKnownFileType = sourcecode.swift; path = RateLimitTests.swift; sourceTree = "<group>"; };
		D20000010000000000000001 /* SupabaseClient.swift */ = {isa = PBXFileReference; lastKnownFileType = sourcecode.swift; path = SupabaseClient.swift; sourceTree = "<group>"; };
		D30000020000000000000001 /* NetworkMonitor.swift */ = {isa = PBXFileReference; lastKnownFileType = sourcecode.swift; path = NetworkMonitor.swift; sourceTree = "<group>"; };
		D30000030000000000000001 /* SupabaseDataService.swift */ = {isa = PBXFileReference; lastKnownFileType = sourcecode.swift; path = SupabaseDataService.swift; sourceTree = "<group>"; };
		D30000040000000000000001 /* SyncDataService.swift */ = {isa = PBXFileReference; lastKnownFileType = sourcecode.swift; path = SyncDataService.swift; sourceTree = "<group>"; };
		D43EE6EBAC2A490942E57A64 /* ChloeEmptyState.swift */ = {isa = PBXFileReference; includeInIndex = 1; lastKnownFileType = sourcecode.swift; path = ChloeApp/Views/Components/ChloeEmptyState.swift; sourceTree = SOURCE_ROOT; };
		E1A2B3C4D5E6F70800112234 /* EmptyStateView.swift */ = {isa = PBXFileReference; includeInIndex = 1; lastKnownFileType = sourcecode.swift; path = ChloeApp/Views/Components/EmptyStateView.swift; sourceTree = SOURCE_ROOT; };
		F20000010000000000000001 /* CameraPickerView.swift */ = {isa = PBXFileReference; lastKnownFileType = sourcecode.swift; path = CameraPickerView.swift; sourceTree = "<group>"; };
		F20000020000000000000001 /* ChloeButtonLabel.swift */ = {isa = PBXFileReference; lastKnownFileType = sourcecode.swift; path = ChloeButtonLabel.swift; sourceTree = "<group>"; };
		F20000020000000000000099 /* BentoGridCard.swift */ = {isa = PBXFileReference; lastKnownFileType = sourcecode.swift; path = BentoGridCard.swift; sourceTree = "<group>"; };
		SB0000020000000000000001 /* SyncStatusBadge.swift */ = {isa = PBXFileReference; lastKnownFileType = sourcecode.swift; path = SyncStatusBadge.swift; sourceTree = "<group>"; };
		F20000040000000000000001 /* LuminousOrb.swift */ = {isa = PBXFileReference; lastKnownFileType = sourcecode.swift; path = LuminousOrb.swift; sourceTree = "<group>"; };
		F20000050000000000000001 /* OrbStardustEmitter.swift */ = {isa = PBXFileReference; lastKnownFileType = sourcecode.swift; path = OrbStardustEmitter.swift; sourceTree = "<group>"; };
		F20000060000000000000001 /* PlusBloomMenu.swift */ = {isa = PBXFileReference; lastKnownFileType = sourcecode.swift; path = PlusBloomMenu.swift; sourceTree = "<group>"; };
		F20000070000000000000001 /* PressableButtonStyle.swift */ = {isa = PBXFileReference; lastKnownFileType = sourcecode.swift; path = PressableButtonStyle.swift; sourceTree = "<group>"; };
		F20000090000000000000001 /* ShimmerTextModifier.swift */ = {isa = PBXFileReference; lastKnownFileType = sourcecode.swift; path = ShimmerTextModifier.swift; sourceTree = "<group>"; };
		F20000110000000000000001 /* AddVisionSheet.swift */ = {isa = PBXFileReference; lastKnownFileType = sourcecode.swift; path = AddVisionSheet.swift; sourceTree = "<group>"; };
		F20000120000000000000001 /* HistoryView.swift */ = {isa = PBXFileReference; lastKnownFileType = sourcecode.swift; path = HistoryView.swift; sourceTree = "<group>"; };
		F20000130000000000000001 /* JournalDetailView.swift */ = {isa = PBXFileReference; lastKnownFileType = sourcecode.swift; path = JournalDetailView.swift; sourceTree = "<group>"; };
		F20000140000000000000001 /* JournalEntryEditorView.swift */ = {isa = PBXFileReference; lastKnownFileType = sourcecode.swift; path = JournalEntryEditorView.swift; sourceTree = "<group>"; };
		F20000150000000000000001 /* SanctuaryView.swift */ = {isa = PBXFileReference; lastKnownFileType = sourcecode.swift; path = SanctuaryView.swift; sourceTree = "<group>"; };
		F20000160000000000000001 /* SidebarView.swift */ = {isa = PBXFileReference; lastKnownFileType = sourcecode.swift; path = SidebarView.swift; sourceTree = "<group>"; };
		F20000170000000000000001 /* WelcomeIntroView.swift */ = {isa = PBXFileReference; lastKnownFileType = sourcecode.swift; path = WelcomeIntroView.swift; sourceTree = "<group>"; };
		F20000180000000000000001 /* OnboardingCard.swift */ = {isa = PBXFileReference; lastKnownFileType = sourcecode.swift; path = OnboardingCard.swift; sourceTree = "<group>"; };
		F20000210000000000000001 /* TenorSans-Regular.ttf */ = {isa = PBXFileReference; lastKnownFileType = file; path = "TenorSans-Regular.ttf"; sourceTree = "<group>"; };
		F20000220000000000000001 /* Cinzel-Regular.ttf */ = {isa = PBXFileReference; lastKnownFileType = file; path = "Cinzel-Regular.ttf"; sourceTree = "<group>"; };
		F20000230000000000000001 /* CormorantGaramond-BoldItalic.ttf */ = {isa = PBXFileReference; lastKnownFileType = file; path = "CormorantGaramond-BoldItalic.ttf"; sourceTree = "<group>"; };
		F20000240000000000000001 /* EtherealDustParticles.swift */ = {isa = PBXFileReference; lastKnownFileType = sourcecode.swift; path = EtherealDustParticles.swift; sourceTree = "<group>"; };
		F20000260000000000000001 /* FlowLayout.swift */ = {isa = PBXFileReference; lastKnownFileType = sourcecode.swift; path = FlowLayout.swift; sourceTree = "<group>"; };
		F20000280000000000000001 /* PlayfairDisplay-Italic-VF.ttf */ = {isa = PBXFileReference; lastKnownFileType = file; path = "PlayfairDisplay-Italic-VF.ttf"; sourceTree = "<group>"; };
		F20000290000000000000001 /* NotificationPrimingView.swift */ = {isa = PBXFileReference; lastKnownFileType = sourcecode.swift; path = NotificationPrimingView.swift; sourceTree = "<group>"; };
		F20000300000000000000001 /* AuthService.swift */ = {isa = PBXFileReference; lastKnownFileType = sourcecode.swift; path = AuthService.swift; sourceTree = "<group>"; };
		F955E1ED52B5C3637CD25E60 /* SanctuaryTests.swift */ = {isa = PBXFileReference; includeInIndex = 1; lastKnownFileType = sourcecode.swift; path = SanctuaryTests.swift; sourceTree = "<group>"; };
		FB0000010000000000000001 /* Feedback.swift */ = {isa = PBXFileReference; lastKnownFileType = sourcecode.swift; path = Feedback.swift; sourceTree = "<group>"; };
		FB0000030000000000000001 /* FeedbackService.swift */ = {isa = PBXFileReference; lastKnownFileType = sourcecode.swift; path = FeedbackService.swift; sourceTree = "<group>"; };
		FE802F7583970BBCFC8559DB /* UITestSupport.swift */ = {isa = PBXFileReference; includeInIndex = 1; lastKnownFileType = sourcecode.swift; path = UITestSupport.swift; sourceTree = "<group>"; };
		FF899EC08EB9BF6F2427726E /* PasswordResetView.swift */ = {isa = PBXFileReference; includeInIndex = 1; lastKnownFileType = sourcecode.swift; path = PasswordResetView.swift; sourceTree = "<group>"; };
		PK0000010000000000000001 /* PortkeyService.swift */ = {isa = PBXFileReference; lastKnownFileType = sourcecode.swift; path = PortkeyService.swift; sourceTree = "<group>"; };
		SC0000010000000000000001 /* ServiceContainer.swift */ = {isa = PBXFileReference; lastKnownFileType = sourcecode.swift; path = ServiceContainer.swift; sourceTree = "<group>"; };
		SP0000010000000000000001 /* ServiceProtocols.swift */ = {isa = PBXFileReference; lastKnownFileType = sourcecode.swift; path = ServiceProtocols.swift; sourceTree = "<group>"; };
		RS0000010000000000000001 /* ReportSheet.swift */ = {isa = PBXFileReference; lastKnownFileType = sourcecode.swift; path = ReportSheet.swift; sourceTree = "<group>"; };
		T20000010000000000000001 /* SafetyServiceTests.swift */ = {isa = PBXFileReference; lastKnownFileType = sourcecode.swift; path = SafetyServiceTests.swift; sourceTree = "<group>"; };
		T20000020000000000000001 /* PromptBuilderTests.swift */ = {isa = PBXFileReference; lastKnownFileType = sourcecode.swift; path = PromptBuilderTests.swift; sourceTree = "<group>"; };
		T20000030000000000000001 /* AnalystServiceTests.swift */ = {isa = PBXFileReference; lastKnownFileType = sourcecode.swift; path = AnalystServiceTests.swift; sourceTree = "<group>"; };
		T20000040000000000000001 /* StorageServiceTests.swift */ = {isa = PBXFileReference; lastKnownFileType = sourcecode.swift; path = StorageServiceTests.swift; sourceTree = "<group>"; };
		T20000050000000000000001 /* StreakServiceTests.swift */ = {isa = PBXFileReference; lastKnownFileType = sourcecode.swift; path = StreakServiceTests.swift; sourceTree = "<group>"; };
		T20000060000000000000001 /* InsightQueueTests.swift */ = {isa = PBXFileReference; lastKnownFileType = sourcecode.swift; path = InsightQueueTests.swift; sourceTree = "<group>"; };
		T20000070000000000000001 /* CrisisResponseTests.swift */ = {isa = PBXFileReference; lastKnownFileType = sourcecode.swift; path = CrisisResponseTests.swift; sourceTree = "<group>"; };
		T20000080000000000000001 /* DailyUsageTests.swift */ = {isa = PBXFileReference; lastKnownFileType = sourcecode.swift; path = DailyUsageTests.swift; sourceTree = "<group>"; };
		T20000090000000000000001 /* V2AgenticTests.swift */ = {isa = PBXFileReference; lastKnownFileType = sourcecode.swift; path = V2AgenticTests.swift; sourceTree = "<group>"; };
		T20000100000000000000001 /* AuthViewModelTests.swift */ = {isa = PBXFileReference; lastKnownFileType = sourcecode.swift; path = AuthViewModelTests.swift; sourceTree = "<group>"; };
		T30000010000000000000001 /* ChloeAppTests.xctest */ = {isa = PBXFileReference; explicitFileType = wrapper.cfbundle; includeInIndex = 0; path = ChloeAppTests.xctest; sourceTree = BUILT_PRODUCTS_DIR; };
		UI00000200000000000000A1 /* AffirmationsTests.swift */ = {isa = PBXFileReference; lastKnownFileType = sourcecode.swift; path = AffirmationsTests.swift; sourceTree = "<group>"; };
		UI00000200000000000000B1 /* ConversationHistoryTests.swift */ = {isa = PBXFileReference; lastKnownFileType = sourcecode.swift; path = ConversationHistoryTests.swift; sourceTree = "<group>"; };
		UI00000200000000000000C1 /* DynamicTypeTests.swift */ = {isa = PBXFileReference; lastKnownFileType = sourcecode.swift; path = DynamicTypeTests.swift; sourceTree = "<group>"; };
		UI00000200000000000000D1 /* ImageUploadTests.swift */ = {isa = PBXFileReference; lastKnownFileType = sourcecode.swift; path = ImageUploadTests.swift; sourceTree = "<group>"; };
		UI00000200000000000000E1 /* StreakUITests.swift */ = {isa = PBXFileReference; lastKnownFileType = sourcecode.swift; path = StreakUITests.swift; sourceTree = "<group>"; };
/* End PBXFileReference section */

/* Begin PBXFrameworksBuildPhase section */
		1EF431A006BCA61ACFC80926 /* Frameworks */ = {
			isa = PBXFrameworksBuildPhase;
			buildActionMask = 2147483647;
			files = (
				0730A3B97A55099DE06BB3A4 /* Foundation.framework in Frameworks */,
			);
			runOnlyForDeploymentPostprocessing = 0;
		};
		A40000010000000000000001 /* Frameworks */ = {
			isa = PBXFrameworksBuildPhase;
			buildActionMask = 2147483647;
			files = (
				C10000010000000000000001 /* Lottie in Frameworks */,
				C10000020000000000000001 /* Kingfisher in Frameworks */,
				C10000030000000000000001 /* ExyteChat in Frameworks */,
				C10000040000000000000001 /* ConfettiSwiftUI in Frameworks */,
				C10000050000000000000001 /* MarkdownUI in Frameworks */,
				C10000060000000000000001 /* TelemetryDeck in Frameworks */,
				C10000070000000000000001 /* Supabase in Frameworks */,
			);
			runOnlyForDeploymentPostprocessing = 0;
		};
		T40000010000000000000001 /* Frameworks */ = {
			isa = PBXFrameworksBuildPhase;
			buildActionMask = 2147483647;
			files = (
			);
			runOnlyForDeploymentPostprocessing = 0;
		};
/* End PBXFrameworksBuildPhase section */

/* Begin PBXGroup section */
		1EAED161D0885C2CEE115F07 /* ChloeAppUITests */ = {
			isa = PBXGroup;
			children = (
				F955E1ED52B5C3637CD25E60 /* SanctuaryTests.swift */,
				4C9E9EFD831A08021FF5E4BB /* JournalTests.swift */,
				9334322B3F9AB6B36E5E83D2 /* OnboardingTests.swift */,
				11B72E6D6BDC5A74372822CE /* GoalsTests.swift */,
				691088B00C01ED309816D67B /* SafetyTests.swift */,
				177002C5E96240F457D7325D /* SidebarTests.swift */,
				54768EC816361B0EF9A9C3D2 /* SettingsTests.swift */,
				C5ED54293ECCDC6658CA097B /* RateLimitTests.swift */,
				9802012D4326DE50975347EA /* VisionBoardTests.swift */,
				AF08D9DC14B5BC2B0F70D79E /* TestHelpers.swift */,
				A0BD0D2B73E2D62ECCD08558 /* AuthenticationTests.swift */,
				124F9265E9406FE5C82DEA12 /* EdgeCaseTests.swift */,
				UI00000200000000000000A1 /* AffirmationsTests.swift */,
				UI00000200000000000000B1 /* ConversationHistoryTests.swift */,
				UI00000200000000000000C1 /* DynamicTypeTests.swift */,
				UI00000200000000000000D1 /* ImageUploadTests.swift */,
				UI00000200000000000000E1 /* StreakUITests.swift */,
				745972C67FB22635AD74B1D1 /* Info.plist */,
			);
			path = ChloeAppUITests;
			sourceTree = "<group>";
		};
		26D778958AA9AA69EBD4EBAC /* Frameworks */ = {
			isa = PBXGroup;
			children = (
				D679D69B731953990D798310 /* iOS */,
			);
			name = Frameworks;
			sourceTree = "<group>";
		};
		A50000010000000000000001 = {
			isa = PBXGroup;
			children = (
				A50000020000000000000001 /* ChloeApp */,
				T50000010000000000000001 /* ChloeAppTests */,
				A50000030000000000000001 /* Products */,
				26D778958AA9AA69EBD4EBAC /* Frameworks */,
				1EAED161D0885C2CEE115F07 /* ChloeAppUITests */,
			);
			sourceTree = "<group>";
		};
		A50000020000000000000001 /* ChloeApp */ = {
			isa = PBXGroup;
			children = (
				A20000010000000000000001 /* ChloeApp.swift */,
				A20000040000000000000001 /* Info.plist */,
				A20000650000000000000001 /* Config.xcconfig */,
				A20000030000000000000001 /* Assets.xcassets */,
				A50000040000000000000001 /* Models */,
				A50000050000000000000001 /* Views */,
				A50000110000000000000001 /* ViewModels */,
				A50000120000000000000001 /* Services */,
				A50000130000000000000001 /* Theme */,
				A50000140000000000000001 /* Constants */,
				A50000150000000000000001 /* Resources */,
				A50000170000000000000001 /* Extensions */,
			);
			path = ChloeApp;
			sourceTree = "<group>";
		};
		A50000030000000000000001 /* Products */ = {
			isa = PBXGroup;
			children = (
				A30000010000000000000001 /* ChloeApp.app */,
				T30000010000000000000001 /* ChloeAppTests.xctest */,
				24071DA765FF3264148A32F9 /* ChloeAppUITests.xctest */,
			);
			name = Products;
			sourceTree = "<group>";
		};
		A50000040000000000000001 /* Models */ = {
			isa = PBXGroup;
			children = (
				A20000110000000000000001 /* Profile.swift */,
				A20000120000000000000001 /* Conversation.swift */,
				A20000130000000000000001 /* Message.swift */,
				A20000140000000000000001 /* JournalEntry.swift */,
				A20000150000000000000001 /* Goal.swift */,
				A20000160000000000000001 /* Affirmation.swift */,
				A20000170000000000000001 /* VisionItem.swift */,
				A20000180000000000000001 /* OnboardingPreferences.swift */,
				A20000190000000000000001 /* Archetype.swift */,
				B8B72291CB2B25437CC979C4 /* DailyUsage.swift */,
				6E0D67819E2FDC56855D65EC /* GlowUpStreak.swift */,
				FB0000010000000000000001 /* Feedback.swift */,
				C4DF9A3F95ADE9B8CAC88DA2 /* RouterModels.swift */,
			);
			path = Models;
			sourceTree = "<group>";
		};
		A50000050000000000000001 /* Views */ = {
			isa = PBXGroup;
			children = (
				A50000060000000000000001 /* App */,
				A50000070000000000000001 /* Auth */,
				A50000080000000000000001 /* Onboarding */,
				A50000090000000000000001 /* Main */,
				A50000100000000000000001 /* Components */,
			);
			path = Views;
			sourceTree = "<group>";
		};
		A50000060000000000000001 /* App */ = {
			isa = PBXGroup;
			children = (
				A20000020000000000000001 /* ContentView.swift */,
			);
			path = App;
			sourceTree = "<group>";
		};
		A50000070000000000000001 /* Auth */ = {
			isa = PBXGroup;
			children = (
				A20000330000000000000001 /* EmailLoginView.swift */,
				7D623CEA22CB36B5ED4A247C /* EmailConfirmationView.swift */,
				7D623CEB22CB36B6ED4A247D /* NewPasswordView.swift */,
				FF899EC08EB9BF6F2427726E /* PasswordResetView.swift */,
			);
			path = Auth;
			sourceTree = "<group>";
		};
		A50000080000000000000001 /* Onboarding */ = {
			isa = PBXGroup;
			children = (
				A20000340000000000000001 /* OnboardingContainerView.swift */,
				A20000350000000000000001 /* NameStepView.swift */,
				A20000410000000000000001 /* ArchetypeQuizView.swift */,
				A20000420000000000000001 /* OnboardingCompleteView.swift */,
				F20000170000000000000001 /* WelcomeIntroView.swift */,
			);
			path = Onboarding;
			sourceTree = "<group>";
		};
		A50000090000000000000001 /* Main */ = {
			isa = PBXGroup;
			children = (
				F20000110000000000000001 /* AddVisionSheet.swift */,
				A20000490000000000000001 /* AffirmationsView.swift */,
				A20000470000000000000001 /* GoalsView.swift */,
				F20000120000000000000001 /* HistoryView.swift */,
				F20000130000000000000001 /* JournalDetailView.swift */,
				F20000140000000000000001 /* JournalEntryEditorView.swift */,
				A20000460000000000000001 /* JournalView.swift */,
				F20000150000000000000001 /* SanctuaryView.swift */,
				A20000500000000000000001 /* SettingsView.swift */,
				F20000160000000000000001 /* SidebarView.swift */,
				A20000480000000000000001 /* VisionBoardView.swift */,
			);
			path = Main;
			sourceTree = "<group>";
		};
		A50000100000000000000001 /* Components */ = {
			isa = PBXGroup;
			children = (
				F20000010000000000000001 /* CameraPickerView.swift */,
				A20000520000000000000001 /* ChatBubble.swift */,
				A20000530000000000000001 /* ChatInputBar.swift */,
				A20000550000000000000001 /* ChloeAvatar.swift */,
				F20000020000000000000099 /* BentoGridCard.swift */,
				F20000020000000000000001 /* ChloeButtonLabel.swift */,
				A20000580000000000000001 /* DisclaimerText.swift */,
				F20000240000000000000001 /* EtherealDustParticles.swift */,
				F20000260000000000000001 /* FlowLayout.swift */,
				A20000570000000000000001 /* GradientBackground.swift */,
				F20000040000000000000001 /* LuminousOrb.swift */,
				F20000290000000000000001 /* NotificationPrimingView.swift */,
				F20000050000000000000001 /* OrbStardustEmitter.swift */,
				F20000180000000000000001 /* OnboardingCard.swift */,
				F20000060000000000000001 /* PlusBloomMenu.swift */,
				F20000070000000000000001 /* PressableButtonStyle.swift */,
				F20000090000000000000001 /* ShimmerTextModifier.swift */,
				A20000540000000000000001 /* TypingIndicator.swift */,
				RS0000010000000000000001 /* ReportSheet.swift */,
				902324AB633D17FC0C08036A /* StrategyOptionsView.swift */,
				BA5DAFF02E46B79A5EABE633 /* ChloeFloatingActionButton.swift */,
				D43EE6EBAC2A490942E57A64 /* ChloeEmptyState.swift */,
				E1A2B3C4D5E6F70800112234 /* EmptyStateView.swift */,
				SB0000020000000000000001 /* SyncStatusBadge.swift */,
			);
			path = Components;
			sourceTree = "<group>";
		};
		A50000110000000000000001 /* ViewModels */ = {
			isa = PBXGroup;
			children = (
				A20000250000000000000001 /* AuthViewModel.swift */,
				A20000260000000000000001 /* OnboardingViewModel.swift */,
				A20000270000000000000001 /* ChatViewModel.swift */,
				A20000280000000000000001 /* JournalViewModel.swift */,
				A20000290000000000000001 /* GoalsViewModel.swift */,
				A20000300000000000000001 /* VisionBoardViewModel.swift */,
				A20000310000000000000001 /* AffirmationsViewModel.swift */,
				A20000320000000000000001 /* SanctuaryViewModel.swift */,
			);
			path = ViewModels;
			sourceTree = "<group>";
		};
		A50000120000000000000001 /* Services */ = {
			isa = PBXGroup;
			children = (
				SP0000030000000000000001 /* Protocols */,
				A20000200000000000000001 /* GeminiService.swift */,
				A20000210000000000000001 /* StorageService.swift */,
				A20000220000000000000001 /* ArchetypeService.swift */,
				A20000230000000000000001 /* SafetyService.swift */,
				A20000240000000000000001 /* AnalystService.swift */,
				F20000300000000000000001 /* AuthService.swift */,
				74CE56D38B6D47E52BFB444E /* NotificationService.swift */,
				A174B26D7E896B09C9D56F71 /* StreakService.swift */,
				D20000010000000000000001 /* SupabaseClient.swift */,
				D30000020000000000000001 /* NetworkMonitor.swift */,
				D30000030000000000000001 /* SupabaseDataService.swift */,
				D30000040000000000000001 /* SyncDataService.swift */,
				FE802F7583970BBCFC8559DB /* UITestSupport.swift */,
				FB0000030000000000000001 /* FeedbackService.swift */,
				PK0000010000000000000001 /* PortkeyService.swift */,
				SC0000010000000000000001 /* ServiceContainer.swift */,
			);
			path = Services;
			sourceTree = "<group>";
		};
		SP0000030000000000000001 /* Protocols */ = {
			isa = PBXGroup;
			children = (
				SP0000010000000000000001 /* ServiceProtocols.swift */,
			);
			path = Protocols;
			sourceTree = "<group>";
		};
		A50000130000000000000001 /* Theme */ = {
			isa = PBXGroup;
			children = (
				A20000050000000000000001 /* Colors.swift */,
				A20000060000000000000001 /* Fonts.swift */,
				A20000070000000000000001 /* Spacing.swift */,
				458E57E6C9CC6C99B2E71A2D /* ChloeViewModifiers.swift */,
			);
			path = Theme;
			sourceTree = "<group>";
		};
		A50000140000000000000001 /* Constants */ = {
			isa = PBXGroup;
			children = (
				A20000590000000000000001 /* Prompts.swift */,
				A20000600000000000000001 /* CrisisResponses.swift */,
			);
			path = Constants;
			sourceTree = "<group>";
		};
		A50000150000000000000001 /* Resources */ = {
			isa = PBXGroup;
			children = (
				A50000160000000000000001 /* Fonts */,
			);
			path = Resources;
			sourceTree = "<group>";
		};
		A50000160000000000000001 /* Fonts */ = {
			isa = PBXGroup;
			children = (
				F20000210000000000000001 /* TenorSans-Regular.ttf */,
				F20000220000000000000001 /* Cinzel-Regular.ttf */,
				F20000230000000000000001 /* CormorantGaramond-BoldItalic.ttf */,
				F20000280000000000000001 /* PlayfairDisplay-Italic-VF.ttf */,
			);
			path = Fonts;
			sourceTree = "<group>";
		};
		A50000170000000000000001 /* Extensions */ = {
			isa = PBXGroup;
			children = (
				A20000080000000000000001 /* Color+Theme.swift */,
				A20000090000000000000001 /* Date+Formatting.swift */,
				A20000100000000000000001 /* String+Utils.swift */,
				A20000610000000000000001 /* UIImage+Downsampling.swift */,
			);
			path = Extensions;
			sourceTree = "<group>";
		};
		D679D69B731953990D798310 /* iOS */ = {
			isa = PBXGroup;
			children = (
				51A2B70D95BD35EE7CE38665 /* Foundation.framework */,
			);
			name = iOS;
			sourceTree = "<group>";
		};
		T50000010000000000000001 /* ChloeAppTests */ = {
			isa = PBXGroup;
			children = (
				T20000010000000000000001 /* SafetyServiceTests.swift */,
				T20000020000000000000001 /* PromptBuilderTests.swift */,
				T20000030000000000000001 /* AnalystServiceTests.swift */,
				T20000040000000000000001 /* StorageServiceTests.swift */,
				T20000100000000000000001 /* AuthViewModelTests.swift */,
				T20000050000000000000001 /* StreakServiceTests.swift */,
				T20000060000000000000001 /* InsightQueueTests.swift */,
				T20000070000000000000001 /* CrisisResponseTests.swift */,
				T20000080000000000000001 /* DailyUsageTests.swift */,
				T20000090000000000000001 /* V2AgenticTests.swift */,
			);
			path = ChloeAppTests;
			sourceTree = "<group>";
		};
/* End PBXGroup section */

/* Begin PBXNativeTarget section */
		4306C6B4DD23B005ED5F9806 /* ChloeAppUITests */ = {
			isa = PBXNativeTarget;
			buildConfigurationList = C68A06294A67EFF8A6A00808 /* Build configuration list for PBXNativeTarget "ChloeAppUITests" */;
			buildPhases = (
				0BDDEB5DEF42B5386976D5F3 /* Sources */,
				1EF431A006BCA61ACFC80926 /* Frameworks */,
				E6A8C3BC1FBDD4B5F12EE66E /* Resources */,
			);
			buildRules = (
			);
			dependencies = (
				46E843BE3A8E66C02E5A3F05 /* PBXTargetDependency */,
			);
			name = ChloeAppUITests;
			productName = ChloeAppUITests;
			productReference = 24071DA765FF3264148A32F9 /* ChloeAppUITests.xctest */;
			productType = "com.apple.product-type.bundle.ui-testing";
		};
		A60000010000000000000001 /* ChloeApp */ = {
			isa = PBXNativeTarget;
			buildConfigurationList = A80000010000000000000001 /* Build configuration list for PBXNativeTarget "ChloeApp" */;
			buildPhases = (
				A70000010000000000000001 /* Sources */,
				A40000010000000000000001 /* Frameworks */,
				A70000020000000000000001 /* Resources */,
			);
			buildRules = (
			);
			dependencies = (
			);
			name = ChloeApp;
			packageProductDependencies = (
				C20000010000000000000001 /* Lottie */,
				C20000020000000000000001 /* Kingfisher */,
				C20000030000000000000001 /* ExyteChat */,
				C20000040000000000000001 /* ConfettiSwiftUI */,
				C20000050000000000000001 /* MarkdownUI */,
				C20000060000000000000001 /* TelemetryDeck */,
				C20000070000000000000001 /* Supabase */,
			);
			productName = ChloeApp;
			productReference = A30000010000000000000001 /* ChloeApp.app */;
			productType = "com.apple.product-type.application";
		};
		T60000010000000000000001 /* ChloeAppTests */ = {
			isa = PBXNativeTarget;
			buildConfigurationList = T80000010000000000000001 /* Build configuration list for PBXNativeTarget "ChloeAppTests" */;
			buildPhases = (
				T70000010000000000000001 /* Sources */,
				T40000010000000000000001 /* Frameworks */,
				T70000020000000000000001 /* Resources */,
			);
			buildRules = (
			);
			dependencies = (
				TD0000010000000000000001 /* PBXTargetDependency */,
			);
			name = ChloeAppTests;
			productName = ChloeAppTests;
			productReference = T30000010000000000000001 /* ChloeAppTests.xctest */;
			productType = "com.apple.product-type.bundle.unit-test";
		};
/* End PBXNativeTarget section */

/* Begin PBXProject section */
		A90000010000000000000001 /* Project object */ = {
			isa = PBXProject;
			attributes = {
				BuildIndependentTargetsInParallel = 1;
				LastSwiftUpdateCheck = 1540;
				LastUpgradeCheck = 2620;
				TargetAttributes = {
					A60000010000000000000001 = {
						CreatedOnToolsVersion = 15.4;
					};
					T60000010000000000000001 = {
						CreatedOnToolsVersion = 15.4;
						TestTargetID = A60000010000000000000001;
					};
				};
			};
			buildConfigurationList = A80000020000000000000001 /* Build configuration list for PBXProject "ChloeApp" */;
			compatibilityVersion = "Xcode 14.0";
			developmentRegion = en;
			hasScannedForEncodings = 0;
			knownRegions = (
				en,
				Base,
			);
			mainGroup = A50000010000000000000001;
			packageReferences = (
				D10000010000000000000001 /* XCRemoteSwiftPackageReference "lottie-spm" */,
				D10000020000000000000001 /* XCRemoteSwiftPackageReference "Kingfisher" */,
				D10000030000000000000001 /* XCRemoteSwiftPackageReference "Chat" */,
				D10000040000000000000001 /* XCRemoteSwiftPackageReference "ConfettiSwiftUI" */,
				D10000050000000000000001 /* XCRemoteSwiftPackageReference "swift-markdown-ui" */,
				D10000060000000000000001 /* XCRemoteSwiftPackageReference "SwiftClient" */,
				D10000070000000000000001 /* XCRemoteSwiftPackageReference "supabase-swift" */,
			);
			productRefGroup = A50000030000000000000001 /* Products */;
			projectDirPath = "";
			projectRoot = "";
			targets = (
				A60000010000000000000001 /* ChloeApp */,
				T60000010000000000000001 /* ChloeAppTests */,
				4306C6B4DD23B005ED5F9806 /* ChloeAppUITests */,
			);
		};
/* End PBXProject section */

/* Begin PBXResourcesBuildPhase section */
		A70000020000000000000001 /* Resources */ = {
			isa = PBXResourcesBuildPhase;
			buildActionMask = 2147483647;
			files = (
				A10000030000000000000001 /* Assets.xcassets in Resources */,
				F10000210000000000000001 /* TenorSans-Regular.ttf in Resources */,
				F10000220000000000000001 /* Cinzel-Regular.ttf in Resources */,
				F10000230000000000000001 /* CormorantGaramond-BoldItalic.ttf in Resources */,
				F10000280000000000000001 /* PlayfairDisplay-Italic-VF.ttf in Resources */,
			);
			runOnlyForDeploymentPostprocessing = 0;
		};
		E6A8C3BC1FBDD4B5F12EE66E /* Resources */ = {
			isa = PBXResourcesBuildPhase;
			buildActionMask = 2147483647;
			files = (
			);
			runOnlyForDeploymentPostprocessing = 0;
		};
		T70000020000000000000001 /* Resources */ = {
			isa = PBXResourcesBuildPhase;
			buildActionMask = 2147483647;
			files = (
			);
			runOnlyForDeploymentPostprocessing = 0;
		};
/* End PBXResourcesBuildPhase section */

/* Begin PBXSourcesBuildPhase section */
		0BDDEB5DEF42B5386976D5F3 /* Sources */ = {
			isa = PBXSourcesBuildPhase;
			buildActionMask = 2147483647;
			files = (
				EDB24DC0B63CEB87B91BA70B /* SanctuaryTests.swift in Sources */,
				8E2FBEDE9E149919CA704D01 /* JournalTests.swift in Sources */,
				43FC4B86A01BB60E9D3A61EE /* OnboardingTests.swift in Sources */,
				0B21A395DAC0A352C98340AD /* GoalsTests.swift in Sources */,
				1D2E24F6A9FCE4A3C4CE7CD6 /* SafetyTests.swift in Sources */,
				C0457D63F55A6FE260BAA7AD /* SidebarTests.swift in Sources */,
				D0E52CD83052CD555F60F060 /* SettingsTests.swift in Sources */,
				AECA7DBBAEBBAA31B3AC2A3C /* RateLimitTests.swift in Sources */,
				B3C097B384F28B7455735585 /* VisionBoardTests.swift in Sources */,
				7B5C6061C58C58644E1ADD3F /* TestHelpers.swift in Sources */,
				C464FDAB03F70B178380EBD1 /* AuthenticationTests.swift in Sources */,
				B17CE75363D09820CF922A4E /* EdgeCaseTests.swift in Sources */,
				UI00000100000000000000A1 /* AffirmationsTests.swift in Sources */,
				UI00000100000000000000B1 /* ConversationHistoryTests.swift in Sources */,
				UI00000100000000000000C1 /* DynamicTypeTests.swift in Sources */,
				UI00000100000000000000D1 /* ImageUploadTests.swift in Sources */,
				UI00000100000000000000E1 /* StreakUITests.swift in Sources */,
			);
			runOnlyForDeploymentPostprocessing = 0;
		};
		A70000010000000000000001 /* Sources */ = {
			isa = PBXSourcesBuildPhase;
			buildActionMask = 2147483647;
			files = (
				A10000010000000000000001 /* ChloeApp.swift in Sources */,
				A10000020000000000000001 /* ContentView.swift in Sources */,
				A10000050000000000000001 /* Colors.swift in Sources */,
				A10000060000000000000001 /* Fonts.swift in Sources */,
				A10000070000000000000001 /* Spacing.swift in Sources */,
				A10000080000000000000001 /* Color+Theme.swift in Sources */,
				A10000090000000000000001 /* Date+Formatting.swift in Sources */,
				A10000100000000000000001 /* String+Utils.swift in Sources */,
				A10000610000000000000001 /* UIImage+Downsampling.swift in Sources */,
				A10000110000000000000001 /* Profile.swift in Sources */,
				A10000120000000000000001 /* Conversation.swift in Sources */,
				A10000130000000000000001 /* Message.swift in Sources */,
				A10000140000000000000001 /* JournalEntry.swift in Sources */,
				A10000150000000000000001 /* Goal.swift in Sources */,
				A10000160000000000000001 /* Affirmation.swift in Sources */,
				A10000170000000000000001 /* VisionItem.swift in Sources */,
				A10000180000000000000001 /* OnboardingPreferences.swift in Sources */,
				A10000190000000000000001 /* Archetype.swift in Sources */,
				A10000200000000000000001 /* GeminiService.swift in Sources */,
				A10000210000000000000001 /* StorageService.swift in Sources */,
				A10000220000000000000001 /* ArchetypeService.swift in Sources */,
				A10000230000000000000001 /* SafetyService.swift in Sources */,
				A10000240000000000000001 /* AnalystService.swift in Sources */,
				F10000300000000000000001 /* AuthService.swift in Sources */,
				A10000250000000000000001 /* AuthViewModel.swift in Sources */,
				A10000260000000000000001 /* OnboardingViewModel.swift in Sources */,
				A10000270000000000000001 /* ChatViewModel.swift in Sources */,
				A10000280000000000000001 /* JournalViewModel.swift in Sources */,
				A10000290000000000000001 /* GoalsViewModel.swift in Sources */,
				A10000300000000000000001 /* VisionBoardViewModel.swift in Sources */,
				A10000310000000000000001 /* AffirmationsViewModel.swift in Sources */,
				A10000320000000000000001 /* SanctuaryViewModel.swift in Sources */,
				A10000330000000000000001 /* EmailLoginView.swift in Sources */,
				A10000340000000000000001 /* OnboardingContainerView.swift in Sources */,
				A10000350000000000000001 /* NameStepView.swift in Sources */,
				A10000410000000000000001 /* ArchetypeQuizView.swift in Sources */,
				A10000420000000000000001 /* OnboardingCompleteView.swift in Sources */,
				A10000460000000000000001 /* JournalView.swift in Sources */,
				A10000470000000000000001 /* GoalsView.swift in Sources */,
				A10000480000000000000001 /* VisionBoardView.swift in Sources */,
				A10000490000000000000001 /* AffirmationsView.swift in Sources */,
				A10000500000000000000001 /* SettingsView.swift in Sources */,
				A10000520000000000000001 /* ChatBubble.swift in Sources */,
				A10000530000000000000001 /* ChatInputBar.swift in Sources */,
				A10000540000000000000001 /* TypingIndicator.swift in Sources */,
				A10000550000000000000001 /* ChloeAvatar.swift in Sources */,
				A10000570000000000000001 /* GradientBackground.swift in Sources */,
				A10000580000000000000001 /* DisclaimerText.swift in Sources */,
				A10000590000000000000001 /* Prompts.swift in Sources */,
				A10000600000000000000001 /* CrisisResponses.swift in Sources */,
				3EF786585C46034254C21D71 /* DailyUsage.swift in Sources */,
				F10000010000000000000001 /* CameraPickerView.swift in Sources */,
				F10000020000000000000099 /* BentoGridCard.swift in Sources */,
				SB0000010000000000000001 /* SyncStatusBadge.swift in Sources */,
				F10000020000000000000001 /* ChloeButtonLabel.swift in Sources */,
				F10000040000000000000001 /* LuminousOrb.swift in Sources */,
				F10000050000000000000001 /* OrbStardustEmitter.swift in Sources */,
				F10000060000000000000001 /* PlusBloomMenu.swift in Sources */,
				F10000070000000000000001 /* PressableButtonStyle.swift in Sources */,
				F10000090000000000000001 /* ShimmerTextModifier.swift in Sources */,
				F10000240000000000000001 /* EtherealDustParticles.swift in Sources */,
				F10000110000000000000001 /* AddVisionSheet.swift in Sources */,
				F10000120000000000000001 /* HistoryView.swift in Sources */,
				F10000130000000000000001 /* JournalDetailView.swift in Sources */,
				F10000140000000000000001 /* JournalEntryEditorView.swift in Sources */,
				F10000150000000000000001 /* SanctuaryView.swift in Sources */,
				F10000160000000000000001 /* SidebarView.swift in Sources */,
				F10000170000000000000001 /* WelcomeIntroView.swift in Sources */,
				F10000180000000000000001 /* OnboardingCard.swift in Sources */,
				F10000260000000000000001 /* FlowLayout.swift in Sources */,
				F10000290000000000000001 /* NotificationPrimingView.swift in Sources */,
				B95D54A9FAB2885D920CBFD0 /* GlowUpStreak.swift in Sources */,
				B1B0BC73FECF454521A45C59 /* NotificationService.swift in Sources */,
				151900B32794215F9A9B6E5A /* StreakService.swift in Sources */,
				D30000010000000000000001 /* SupabaseClient.swift in Sources */,
				E30000010000000000000001 /* NetworkMonitor.swift in Sources */,
				E30000020000000000000001 /* SupabaseDataService.swift in Sources */,
				E30000030000000000000001 /* SyncDataService.swift in Sources */,
				D6ABB5378B84FB53F4E76EBA /* UITestSupport.swift in Sources */,
				FB0000020000000000000001 /* Feedback.swift in Sources */,
				FB0000040000000000000001 /* FeedbackService.swift in Sources */,
				PK0000020000000000000001 /* PortkeyService.swift in Sources */,
				SC0000020000000000000001 /* ServiceContainer.swift in Sources */,
				SP0000020000000000000001 /* ServiceProtocols.swift in Sources */,
				RS0000020000000000000001 /* ReportSheet.swift in Sources */,
				3F1056A9D3B58B1F800A7E17 /* RouterModels.swift in Sources */,
				D9BA7887167B4B49328DEA74 /* StrategyOptionsView.swift in Sources */,
				9BBEC161B700F341AD344FC6 /* EmailConfirmationView.swift in Sources */,
				9BBEC162B700F342AD344FC7 /* NewPasswordView.swift in Sources */,
				35B2F1331062D827771ADA81 /* PasswordResetView.swift in Sources */,
				13AAA29D3391452E7DCA5A2C /* ChloeViewModifiers.swift in Sources */,
				8E3D83A5B652B8DED38B2FC3 /* ChloeFloatingActionButton.swift in Sources */,
				90C3CBE435FAA7DCD942145D /* ChloeEmptyState.swift in Sources */,
				E1A2B3C4D5E6F70800112233 /* EmptyStateView.swift in Sources */,
			);
			runOnlyForDeploymentPostprocessing = 0;
		};
		T70000010000000000000001 /* Sources */ = {
			isa = PBXSourcesBuildPhase;
			buildActionMask = 2147483647;
			files = (
				T10000010000000000000001 /* SafetyServiceTests.swift in Sources */,
				T10000020000000000000001 /* PromptBuilderTests.swift in Sources */,
				T10000030000000000000001 /* AnalystServiceTests.swift in Sources */,
				T10000040000000000000001 /* StorageServiceTests.swift in Sources */,
				T10000100000000000000001 /* AuthViewModelTests.swift in Sources */,
				T10000050000000000000001 /* StreakServiceTests.swift in Sources */,
				T10000060000000000000001 /* InsightQueueTests.swift in Sources */,
				T10000070000000000000001 /* CrisisResponseTests.swift in Sources */,
				T10000080000000000000001 /* DailyUsageTests.swift in Sources */,
				T10000090000000000000001 /* V2AgenticTests.swift in Sources */,
			);
			runOnlyForDeploymentPostprocessing = 0;
		};
/* End PBXSourcesBuildPhase section */

/* Begin PBXTargetDependency section */
		46E843BE3A8E66C02E5A3F05 /* PBXTargetDependency */ = {
			isa = PBXTargetDependency;
			name = ChloeApp;
			target = A60000010000000000000001 /* ChloeApp */;
			targetProxy = B3E40F6D217715CF147C62DE /* PBXContainerItemProxy */;
		};
		TD0000010000000000000001 /* PBXTargetDependency */ = {
			isa = PBXTargetDependency;
			target = A60000010000000000000001 /* ChloeApp */;
			targetProxy = TC0000010000000000000001 /* PBXContainerItemProxy */;
		};
/* End PBXTargetDependency section */

/* Begin XCBuildConfiguration section */
		74BE16780F3328976A5D1B33 /* Debug */ = {
			isa = XCBuildConfiguration;
			buildSettings = {
				CLANG_ENABLE_OBJC_WEAK = NO;
				CODE_SIGN_STYLE = Automatic;
				DEVELOPMENT_TEAM = "";
				INFOPLIST_FILE = ChloeAppUITests/Info.plist;
				IPHONEOS_DEPLOYMENT_TARGET = 17.0;
				LD_RUNPATH_SEARCH_PATHS = (
					"$(inherited)",
					"@executable_path/Frameworks",
					"@loader_path/Frameworks",
				);
				PRODUCT_BUNDLE_IDENTIFIER = com.chloepocket.app.uitests;
				PRODUCT_NAME = ChloeAppUITests;
				SDKROOT = iphoneos;
				SWIFT_VERSION = 5.0;
				TEST_HOST = "";
				TEST_TARGET_NAME = ChloeApp;
			};
			name = Debug;
		};
		AB5D6234F7B291D824502DE4 /* Release */ = {
			isa = XCBuildConfiguration;
			buildSettings = {
				CLANG_ENABLE_OBJC_WEAK = NO;
				CODE_SIGN_STYLE = Automatic;
				DEVELOPMENT_TEAM = "";
				INFOPLIST_FILE = ChloeAppUITests/Info.plist;
				IPHONEOS_DEPLOYMENT_TARGET = 17.0;
				LD_RUNPATH_SEARCH_PATHS = (
					"$(inherited)",
					"@executable_path/Frameworks",
					"@loader_path/Frameworks",
				);
				PRODUCT_BUNDLE_IDENTIFIER = com.chloepocket.app.uitests;
				PRODUCT_NAME = ChloeAppUITests;
				SDKROOT = iphoneos;
				SWIFT_VERSION = 5.0;
				TEST_HOST = "";
				TEST_TARGET_NAME = ChloeApp;
				VALIDATE_PRODUCT = YES;
			};
			name = Release;
		};
		B10000010000000000000001 /* Debug */ = {
			isa = XCBuildConfiguration;
			baseConfigurationReference = A20000650000000000000001 /* Config.xcconfig */;
			buildSettings = {
				ALWAYS_SEARCH_USER_PATHS = NO;
				ASSETCATALOG_COMPILER_GENERATE_SWIFT_ASSET_SYMBOL_EXTENSIONS = YES;
				CLANG_ANALYZER_NONNULL = YES;
				CLANG_ANALYZER_NUMBER_OBJECT_CONVERSION = YES_AGGRESSIVE;
				CLANG_CXX_LANGUAGE_STANDARD = "gnu++20";
				CLANG_ENABLE_MODULES = YES;
				CLANG_ENABLE_OBJC_ARC = YES;
				CLANG_ENABLE_OBJC_WEAK = YES;
				CLANG_WARN_BLOCK_CAPTURE_AUTORELEASING = YES;
				CLANG_WARN_BOOL_CONVERSION = YES;
				CLANG_WARN_COMMA = YES;
				CLANG_WARN_CONSTANT_CONVERSION = YES;
				CLANG_WARN_DEPRECATED_OBJC_IMPLEMENTATIONS = YES;
				CLANG_WARN_DIRECT_OBJC_ISA_USAGE = YES_ERROR;
				CLANG_WARN_DOCUMENTATION_COMMENTS = YES;
				CLANG_WARN_EMPTY_BODY = YES;
				CLANG_WARN_ENUM_CONVERSION = YES;
				CLANG_WARN_INFINITE_RECURSION = YES;
				CLANG_WARN_INT_CONVERSION = YES;
				CLANG_WARN_NON_LITERAL_NULL_CONVERSION = YES;
				CLANG_WARN_OBJC_IMPLICIT_RETAIN_SELF = YES;
				CLANG_WARN_OBJC_LITERAL_CONVERSION = YES;
				CLANG_WARN_OBJC_ROOT_CLASS = YES_ERROR;
				CLANG_WARN_QUOTED_INCLUDE_IN_FRAMEWORK_HEADER = YES;
				CLANG_WARN_RANGE_LOOP_ANALYSIS = YES;
				CLANG_WARN_STRICT_PROTOTYPES = YES;
				CLANG_WARN_SUSPICIOUS_MOVE = YES;
				CLANG_WARN_UNGUARDED_AVAILABILITY = YES_AGGRESSIVE;
				CLANG_WARN_UNREACHABLE_CODE = YES;
				CLANG_WARN__DUPLICATE_METHOD_MATCH = YES;
				COPY_PHASE_STRIP = NO;
				DEBUG_INFORMATION_FORMAT = dwarf;
				ENABLE_STRICT_OBJC_MSGSEND = YES;
				ENABLE_TESTABILITY = YES;
				ENABLE_USER_SCRIPT_SANDBOXING = YES;
				GCC_C_LANGUAGE_STANDARD = gnu17;
				GCC_DYNAMIC_NO_PIC = NO;
				GCC_NO_COMMON_BLOCKS = YES;
				GCC_OPTIMIZATION_LEVEL = 0;
				GCC_PREPROCESSOR_DEFINITIONS = (
					"DEBUG=1",
					"$(inherited)",
				);
				GCC_WARN_64_TO_32_BIT_CONVERSION = YES;
				GCC_WARN_ABOUT_RETURN_TYPE = YES_ERROR;
				GCC_WARN_UNDECLARED_SELECTOR = YES;
				GCC_WARN_UNINITIALIZED_AUTOS = YES_AGGRESSIVE;
				GCC_WARN_UNUSED_FUNCTION = YES;
				GCC_WARN_UNUSED_VARIABLE = YES;
				IPHONEOS_DEPLOYMENT_TARGET = 17.0;
				LOCALIZATION_PREFERS_STRING_CATALOGS = YES;
				MTL_ENABLE_DEBUG_INFO = INCLUDE_SOURCE;
				MTL_FAST_MATH = YES;
				ONLY_ACTIVE_ARCH = YES;
				SDKROOT = iphoneos;
				STRING_CATALOG_GENERATE_SYMBOLS = YES;
				SWIFT_ACTIVE_COMPILATION_CONDITIONS = "$(inherited) DEBUG";
				SWIFT_OPTIMIZATION_LEVEL = "-Onone";
			};
			name = Debug;
		};
		B10000020000000000000001 /* Release */ = {
			isa = XCBuildConfiguration;
			baseConfigurationReference = A20000650000000000000001 /* Config.xcconfig */;
			buildSettings = {
				ALWAYS_SEARCH_USER_PATHS = NO;
				ASSETCATALOG_COMPILER_GENERATE_SWIFT_ASSET_SYMBOL_EXTENSIONS = YES;
				CLANG_ANALYZER_NONNULL = YES;
				CLANG_ANALYZER_NUMBER_OBJECT_CONVERSION = YES_AGGRESSIVE;
				CLANG_CXX_LANGUAGE_STANDARD = "gnu++20";
				CLANG_ENABLE_MODULES = YES;
				CLANG_ENABLE_OBJC_ARC = YES;
				CLANG_ENABLE_OBJC_WEAK = YES;
				CLANG_WARN_BLOCK_CAPTURE_AUTORELEASING = YES;
				CLANG_WARN_BOOL_CONVERSION = YES;
				CLANG_WARN_COMMA = YES;
				CLANG_WARN_CONSTANT_CONVERSION = YES;
				CLANG_WARN_DEPRECATED_OBJC_IMPLEMENTATIONS = YES;
				CLANG_WARN_DIRECT_OBJC_ISA_USAGE = YES_ERROR;
				CLANG_WARN_DOCUMENTATION_COMMENTS = YES;
				CLANG_WARN_EMPTY_BODY = YES;
				CLANG_WARN_ENUM_CONVERSION = YES;
				CLANG_WARN_INFINITE_RECURSION = YES;
				CLANG_WARN_INT_CONVERSION = YES;
				CLANG_WARN_NON_LITERAL_NULL_CONVERSION = YES;
				CLANG_WARN_OBJC_IMPLICIT_RETAIN_SELF = YES;
				CLANG_WARN_OBJC_LITERAL_CONVERSION = YES;
				CLANG_WARN_OBJC_ROOT_CLASS = YES_ERROR;
				CLANG_WARN_QUOTED_INCLUDE_IN_FRAMEWORK_HEADER = YES;
				CLANG_WARN_RANGE_LOOP_ANALYSIS = YES;
				CLANG_WARN_STRICT_PROTOTYPES = YES;
				CLANG_WARN_SUSPICIOUS_MOVE = YES;
				CLANG_WARN_UNGUARDED_AVAILABILITY = YES_AGGRESSIVE;
				CLANG_WARN_UNREACHABLE_CODE = YES;
				CLANG_WARN__DUPLICATE_METHOD_MATCH = YES;
				COPY_PHASE_STRIP = NO;
				DEBUG_INFORMATION_FORMAT = "dwarf-with-dsym";
				ENABLE_NS_ASSERTIONS = NO;
				ENABLE_STRICT_OBJC_MSGSEND = YES;
				ENABLE_USER_SCRIPT_SANDBOXING = YES;
				GCC_C_LANGUAGE_STANDARD = gnu17;
				GCC_NO_COMMON_BLOCKS = YES;
				GCC_WARN_64_TO_32_BIT_CONVERSION = YES;
				GCC_WARN_ABOUT_RETURN_TYPE = YES_ERROR;
				GCC_WARN_UNDECLARED_SELECTOR = YES;
				GCC_WARN_UNINITIALIZED_AUTOS = YES_AGGRESSIVE;
				GCC_WARN_UNUSED_FUNCTION = YES;
				GCC_WARN_UNUSED_VARIABLE = YES;
				IPHONEOS_DEPLOYMENT_TARGET = 17.0;
				LOCALIZATION_PREFERS_STRING_CATALOGS = YES;
				MTL_ENABLE_DEBUG_INFO = NO;
				MTL_FAST_MATH = YES;
				SDKROOT = iphoneos;
				STRING_CATALOG_GENERATE_SYMBOLS = YES;
				SWIFT_COMPILATION_MODE = wholemodule;
				VALIDATE_PRODUCT = YES;
			};
			name = Release;
		};
		B10000030000000000000001 /* Debug */ = {
			isa = XCBuildConfiguration;
			buildSettings = {
				ASSETCATALOG_COMPILER_APPICON_NAME = AppIcon;
				ASSETCATALOG_COMPILER_GLOBAL_ACCENT_COLOR_NAME = AccentColor;
				CODE_SIGN_STYLE = Automatic;
				CURRENT_PROJECT_VERSION = 1;
				DEVELOPMENT_ASSET_PATHS = "";
				DEVELOPMENT_TEAM = 26N9LR8N99;
				ENABLE_PREVIEWS = YES;
				GENERATE_INFOPLIST_FILE = NO;
				INFOPLIST_FILE = ChloeApp/Info.plist;
				INFOPLIST_KEY_CFBundleDisplayName = Chloe;
				INFOPLIST_KEY_UIApplicationSceneManifest_Generation = YES;
				INFOPLIST_KEY_UIApplicationSupportsIndirectInputEvents = YES;
				INFOPLIST_KEY_UILaunchScreen_Generation = YES;
				INFOPLIST_KEY_UISupportedInterfaceOrientations = UIInterfaceOrientationPortrait;
				LD_RUNPATH_SEARCH_PATHS = (
					"$(inherited)",
					"@executable_path/Frameworks",
				);
				MARKETING_VERSION = 1.0;
				PRODUCT_BUNDLE_IDENTIFIER = com.chloepocket.app;
				PRODUCT_NAME = "$(TARGET_NAME)";
				SWIFT_EMIT_LOC_STRINGS = YES;
				SWIFT_VERSION = 5.0;
				TARGETED_DEVICE_FAMILY = "1,2";
			};
			name = Debug;
		};
		B10000040000000000000001 /* Release */ = {
			isa = XCBuildConfiguration;
			buildSettings = {
				ASSETCATALOG_COMPILER_APPICON_NAME = AppIcon;
				ASSETCATALOG_COMPILER_GLOBAL_ACCENT_COLOR_NAME = AccentColor;
				CODE_SIGN_STYLE = Automatic;
				CURRENT_PROJECT_VERSION = 1;
				DEVELOPMENT_ASSET_PATHS = "";
				DEVELOPMENT_TEAM = 26N9LR8N99;
				ENABLE_PREVIEWS = YES;
				GENERATE_INFOPLIST_FILE = NO;
				INFOPLIST_FILE = ChloeApp/Info.plist;
				INFOPLIST_KEY_CFBundleDisplayName = Chloe;
				INFOPLIST_KEY_UIApplicationSceneManifest_Generation = YES;
				INFOPLIST_KEY_UIApplicationSupportsIndirectInputEvents = YES;
				INFOPLIST_KEY_UILaunchScreen_Generation = YES;
				INFOPLIST_KEY_UISupportedInterfaceOrientations = UIInterfaceOrientationPortrait;
				LD_RUNPATH_SEARCH_PATHS = (
					"$(inherited)",
					"@executable_path/Frameworks",
				);
				MARKETING_VERSION = 1.0;
				PRODUCT_BUNDLE_IDENTIFIER = com.chloepocket.app;
				PRODUCT_NAME = "$(TARGET_NAME)";
				SWIFT_EMIT_LOC_STRINGS = YES;
				SWIFT_VERSION = 5.0;
				TARGETED_DEVICE_FAMILY = "1,2";
			};
			name = Release;
		};
		TB0000010000000000000001 /* Debug */ = {
			isa = XCBuildConfiguration;
			buildSettings = {
				BUNDLE_LOADER = "$(TEST_HOST)";
				CODE_SIGN_STYLE = Automatic;
				CURRENT_PROJECT_VERSION = 1;
				GENERATE_INFOPLIST_FILE = YES;
				IPHONEOS_DEPLOYMENT_TARGET = 17.0;
				MARKETING_VERSION = 1.0;
				PRODUCT_BUNDLE_IDENTIFIER = com.chloepocket.app.tests;
				PRODUCT_NAME = "$(TARGET_NAME)";
				SWIFT_EMIT_LOC_STRINGS = NO;
				SWIFT_VERSION = 5.0;
				TARGETED_DEVICE_FAMILY = "1,2";
				TEST_HOST = "$(BUILT_PRODUCTS_DIR)/ChloeApp.app/$(BUNDLE_EXECUTABLE_FOLDER_PATH)/ChloeApp";
			};
			name = Debug;
		};
		TB0000020000000000000001 /* Release */ = {
			isa = XCBuildConfiguration;
			buildSettings = {
				BUNDLE_LOADER = "$(TEST_HOST)";
				CODE_SIGN_STYLE = Automatic;
				CURRENT_PROJECT_VERSION = 1;
				GENERATE_INFOPLIST_FILE = YES;
				IPHONEOS_DEPLOYMENT_TARGET = 17.0;
				MARKETING_VERSION = 1.0;
				PRODUCT_BUNDLE_IDENTIFIER = com.chloepocket.app.tests;
				PRODUCT_NAME = "$(TARGET_NAME)";
				SWIFT_EMIT_LOC_STRINGS = NO;
				SWIFT_VERSION = 5.0;
				TARGETED_DEVICE_FAMILY = "1,2";
				TEST_HOST = "$(BUILT_PRODUCTS_DIR)/ChloeApp.app/$(BUNDLE_EXECUTABLE_FOLDER_PATH)/ChloeApp";
			};
			name = Release;
		};
/* End XCBuildConfiguration section */

/* Begin XCConfigurationList section */
		A80000010000000000000001 /* Build configuration list for PBXNativeTarget "ChloeApp" */ = {
			isa = XCConfigurationList;
			buildConfigurations = (
				B10000030000000000000001 /* Debug */,
				B10000040000000000000001 /* Release */,
			);
			defaultConfigurationIsVisible = 0;
			defaultConfigurationName = Release;
		};
		A80000020000000000000001 /* Build configuration list for PBXProject "ChloeApp" */ = {
			isa = XCConfigurationList;
			buildConfigurations = (
				B10000010000000000000001 /* Debug */,
				B10000020000000000000001 /* Release */,
			);
			defaultConfigurationIsVisible = 0;
			defaultConfigurationName = Release;
		};
		C68A06294A67EFF8A6A00808 /* Build configuration list for PBXNativeTarget "ChloeAppUITests" */ = {
			isa = XCConfigurationList;
			buildConfigurations = (
				AB5D6234F7B291D824502DE4 /* Release */,
				74BE16780F3328976A5D1B33 /* Debug */,
			);
			defaultConfigurationIsVisible = 0;
			defaultConfigurationName = Release;
		};
		T80000010000000000000001 /* Build configuration list for PBXNativeTarget "ChloeAppTests" */ = {
			isa = XCConfigurationList;
			buildConfigurations = (
				TB0000010000000000000001 /* Debug */,
				TB0000020000000000000001 /* Release */,
			);
			defaultConfigurationIsVisible = 0;
			defaultConfigurationName = Release;
		};
/* End XCConfigurationList section */

/* Begin XCRemoteSwiftPackageReference section */
		D10000010000000000000001 /* XCRemoteSwiftPackageReference "lottie-spm" */ = {
			isa = XCRemoteSwiftPackageReference;
			repositoryURL = "https://github.com/airbnb/lottie-spm.git";
			requirement = {
				kind = upToNextMajorVersion;
				minimumVersion = 4.5.0;
			};
		};
		D10000020000000000000001 /* XCRemoteSwiftPackageReference "Kingfisher" */ = {
			isa = XCRemoteSwiftPackageReference;
			repositoryURL = "https://github.com/onevcat/Kingfisher.git";
			requirement = {
				kind = upToNextMajorVersion;
				minimumVersion = 8.0.0;
			};
		};
		D10000030000000000000001 /* XCRemoteSwiftPackageReference "Chat" */ = {
			isa = XCRemoteSwiftPackageReference;
			repositoryURL = "https://github.com/exyte/Chat.git";
			requirement = {
				kind = upToNextMajorVersion;
				minimumVersion = 2.0.0;
			};
		};
		D10000040000000000000001 /* XCRemoteSwiftPackageReference "ConfettiSwiftUI" */ = {
			isa = XCRemoteSwiftPackageReference;
			repositoryURL = "https://github.com/simibac/ConfettiSwiftUI.git";
			requirement = {
				kind = upToNextMajorVersion;
				minimumVersion = 1.0.0;
			};
		};
		D10000050000000000000001 /* XCRemoteSwiftPackageReference "swift-markdown-ui" */ = {
			isa = XCRemoteSwiftPackageReference;
			repositoryURL = "https://github.com/gonzalezreal/swift-markdown-ui.git";
			requirement = {
				kind = upToNextMajorVersion;
				minimumVersion = 2.0.0;
			};
		};
		D10000060000000000000001 /* XCRemoteSwiftPackageReference "SwiftClient" */ = {
			isa = XCRemoteSwiftPackageReference;
			repositoryURL = "https://github.com/TelemetryDeck/SwiftClient.git";
			requirement = {
				kind = upToNextMajorVersion;
				minimumVersion = 2.0.0;
			};
		};
		D10000070000000000000001 /* XCRemoteSwiftPackageReference "supabase-swift" */ = {
			isa = XCRemoteSwiftPackageReference;
			repositoryURL = "https://github.com/supabase/supabase-swift.git";
			requirement = {
				kind = upToNextMajorVersion;
				minimumVersion = 2.0.0;
			};
		};
/* End XCRemoteSwiftPackageReference section */

/* Begin XCSwiftPackageProductDependency section */
		C20000010000000000000001 /* Lottie */ = {
			isa = XCSwiftPackageProductDependency;
			package = D10000010000000000000001 /* XCRemoteSwiftPackageReference "lottie-spm" */;
			productName = Lottie;
		};
		C20000020000000000000001 /* Kingfisher */ = {
			isa = XCSwiftPackageProductDependency;
			package = D10000020000000000000001 /* XCRemoteSwiftPackageReference "Kingfisher" */;
			productName = Kingfisher;
		};
		C20000030000000000000001 /* ExyteChat */ = {
			isa = XCSwiftPackageProductDependency;
			package = D10000030000000000000001 /* XCRemoteSwiftPackageReference "Chat" */;
			productName = ExyteChat;
		};
		C20000040000000000000001 /* ConfettiSwiftUI */ = {
			isa = XCSwiftPackageProductDependency;
			package = D10000040000000000000001 /* XCRemoteSwiftPackageReference "ConfettiSwiftUI" */;
			productName = ConfettiSwiftUI;
		};
		C20000050000000000000001 /* MarkdownUI */ = {
			isa = XCSwiftPackageProductDependency;
			package = D10000050000000000000001 /* XCRemoteSwiftPackageReference "swift-markdown-ui" */;
			productName = MarkdownUI;
		};
		C20000060000000000000001 /* TelemetryDeck */ = {
			isa = XCSwiftPackageProductDependency;
			package = D10000060000000000000001 /* XCRemoteSwiftPackageReference "SwiftClient" */;
			productName = TelemetryDeck;
		};
		C20000070000000000000001 /* Supabase */ = {
			isa = XCSwiftPackageProductDependency;
			package = D10000070000000000000001 /* XCRemoteSwiftPackageReference "supabase-swift" */;
			productName = Supabase;
		};
/* End XCSwiftPackageProductDependency section */
	};
	rootObject = A90000010000000000000001 /* Project object */;
}
